// !$*UTF8*$!
{
	archiveVersion = 1;
	classes = {
	};
	objectVersion = 46;
	objects = {

/* Begin PBXBuildFile section */
		DB7C1FE4172C73EF00827C9F /* UIKit.framework in Frameworks */ = {isa = PBXBuildFile; fileRef = DB7C1FE3172C73EF00827C9F /* UIKit.framework */; };
		DB7C1FE6172C73F000827C9F /* Foundation.framework in Frameworks */ = {isa = PBXBuildFile; fileRef = DB7C1FE5172C73F000827C9F /* Foundation.framework */; };
		DB7C1FE8172C73F000827C9F /* CoreGraphics.framework in Frameworks */ = {isa = PBXBuildFile; fileRef = DB7C1FE7172C73F000827C9F /* CoreGraphics.framework */; };
		DB7C1FEE172C73F000827C9F /* InfoPlist.strings in Resources */ = {isa = PBXBuildFile; fileRef = DB7C1FEC172C73F000827C9F /* InfoPlist.strings */; };
		DB7C1FF0172C73F000827C9F /* main.m in Sources */ = {isa = PBXBuildFile; fileRef = DB7C1FEF172C73F000827C9F /* main.m */; };
		DB7C1FF4172C73F000827C9F /* AppDelegate.m in Sources */ = {isa = PBXBuildFile; fileRef = DB7C1FF3172C73F000827C9F /* AppDelegate.m */; };
		DB7C1FF6172C73F000827C9F /* Default.png in Resources */ = {isa = PBXBuildFile; fileRef = DB7C1FF5172C73F000827C9F /* Default.png */; };
		DB7C1FF8172C73F000827C9F /* Default@2x.png in Resources */ = {isa = PBXBuildFile; fileRef = DB7C1FF7172C73F000827C9F /* Default@2x.png */; };
		DB7C1FFA172C73F000827C9F /* Default-568h@2x.png in Resources */ = {isa = PBXBuildFile; fileRef = DB7C1FF9172C73F000827C9F /* Default-568h@2x.png */; };
		DB7C1FFD172C73F000827C9F /* MainStoryboard.storyboard in Resources */ = {isa = PBXBuildFile; fileRef = DB7C1FFB172C73F000827C9F /* MainStoryboard.storyboard */; };
		DB7C200A172C741200827C9F /* SensibleTableView.framework in Frameworks */ = {isa = PBXBuildFile; fileRef = DB7C2009172C741200827C9F /* SensibleTableView.framework */; };
		DB7C200D172C746F00827C9F /* RootViewController.m in Sources */ = {isa = PBXBuildFile; fileRef = DB7C200C172C746F00827C9F /* RootViewController.m */; };
		DB7C2011172C7DD400827C9F /* water_drops.jpg in Resources */ = {isa = PBXBuildFile; fileRef = DB7C200F172C7DD400827C9F /* water_drops.jpg */; };
		DB7C2012172C7DD400827C9F /* no-edit.png in Resources */ = {isa = PBXBuildFile; fileRef = DB7C2010172C7DD400827C9F /* no-edit.png */; };
/* End PBXBuildFile section */

/* Begin PBXFileReference section */
		DB7C1FE0172C73EF00827C9F /* Custom Views App.app */ = {isa = PBXFileReference; explicitFileType = wrapper.application; includeInIndex = 0; path = "Custom Views App.app"; sourceTree = BUILT_PRODUCTS_DIR; };
		DB7C1FE3172C73EF00827C9F /* UIKit.framework */ = {isa = PBXFileReference; lastKnownFileType = wrapper.framework; name = UIKit.framework; path = System/Library/Frameworks/UIKit.framework; sourceTree = SDKROOT; };
		DB7C1FE5172C73F000827C9F /* Foundation.framework */ = {isa = PBXFileReference; lastKnownFileType = wrapper.framework; name = Foundation.framework; path = System/Library/Frameworks/Foundation.framework; sourceTree = SDKROOT; };
		DB7C1FE7172C73F000827C9F /* CoreGraphics.framework */ = {isa = PBXFileReference; lastKnownFileType = wrapper.framework; name = CoreGraphics.framework; path = System/Library/Frameworks/CoreGraphics.framework; sourceTree = SDKROOT; };
		DB7C1FEB172C73F000827C9F /* Custom Views App-Info.plist */ = {isa = PBXFileReference; lastKnownFileType = text.plist.xml; path = "Custom Views App-Info.plist"; sourceTree = "<group>"; };
		DB7C1FED172C73F000827C9F /* en */ = {isa = PBXFileReference; lastKnownFileType = text.plist.strings; name = en; path = en.lproj/InfoPlist.strings; sourceTree = "<group>"; };
		DB7C1FEF172C73F000827C9F /* main.m */ = {isa = PBXFileReference; lastKnownFileType = sourcecode.c.objc; path = main.m; sourceTree = "<group>"; };
		DB7C1FF1172C73F000827C9F /* Custom Views App-Prefix.pch */ = {isa = PBXFileReference; lastKnownFileType = sourcecode.c.h; path = "Custom Views App-Prefix.pch"; sourceTree = "<group>"; };
		DB7C1FF2172C73F000827C9F /* AppDelegate.h */ = {isa = PBXFileReference; lastKnownFileType = sourcecode.c.h; path = AppDelegate.h; sourceTree = "<group>"; };
		DB7C1FF3172C73F000827C9F /* AppDelegate.m */ = {isa = PBXFileReference; lastKnownFileType = sourcecode.c.objc; path = AppDelegate.m; sourceTree = "<group>"; };
		DB7C1FF5172C73F000827C9F /* Default.png */ = {isa = PBXFileReference; lastKnownFileType = image.png; path = Default.png; sourceTree = "<group>"; };
		DB7C1FF7172C73F000827C9F /* Default@2x.png */ = {isa = PBXFileReference; lastKnownFileType = image.png; path = "Default@2x.png"; sourceTree = "<group>"; };
		DB7C1FF9172C73F000827C9F /* Default-568h@2x.png */ = {isa = PBXFileReference; lastKnownFileType = image.png; path = "Default-568h@2x.png"; sourceTree = "<group>"; };
		DB7C1FFC172C73F000827C9F /* en */ = {isa = PBXFileReference; lastKnownFileType = file.storyboard; name = en; path = en.lproj/MainStoryboard.storyboard; sourceTree = "<group>"; };
		DB7C2009172C741200827C9F /* SensibleTableView.framework */ = {isa = PBXFileReference; lastKnownFileType = wrapper.framework; name = SensibleTableView.framework; path = "../../Static Frameworks/SensibleTableView.framework"; sourceTree = "<group>"; };
		DB7C200B172C746F00827C9F /* RootViewController.h */ = {isa = PBXFileReference; fileEncoding = 4; lastKnownFileType = sourcecode.c.h; path = RootViewController.h; sourceTree = "<group>"; };
		DB7C200C172C746F00827C9F /* RootViewController.m */ = {isa = PBXFileReference; fileEncoding = 4; lastKnownFileType = sourcecode.c.objc; path = RootViewController.m; sourceTree = "<group>"; };
		DB7C200F172C7DD400827C9F /* water_drops.jpg */ = {isa = PBXFileReference; lastKnownFileType = image.jpeg; path = water_drops.jpg; sourceTree = "<group>"; };
		DB7C2010172C7DD400827C9F /* no-edit.png */ = {isa = PBXFileReference; lastKnownFileType = image.png; path = "no-edit.png"; sourceTree = "<group>"; };
/* End PBXFileReference section */

/* Begin PBXFrameworksBuildPhase section */
		DB7C1FDD172C73EF00827C9F /* Frameworks */ = {
			isa = PBXFrameworksBuildPhase;
			buildActionMask = 2147483647;
			files = (
				DB7C1FE4172C73EF00827C9F /* UIKit.framework in Frameworks */,
				DB7C1FE6172C73F000827C9F /* Foundation.framework in Frameworks */,
				DB7C1FE8172C73F000827C9F /* CoreGraphics.framework in Frameworks */,
				DB7C200A172C741200827C9F /* SensibleTableView.framework in Frameworks */,
			);
			runOnlyForDeploymentPostprocessing = 0;
		};
/* End PBXFrameworksBuildPhase section */

/* Begin PBXGroup section */
		DB7C1FD7172C73EF00827C9F = {
			isa = PBXGroup;
			children = (
				DB7C1FE9172C73F000827C9F /* Custom Views App */,
				DB7C1FE2172C73EF00827C9F /* Frameworks */,
				DB7C1FE1172C73EF00827C9F /* Products */,
			);
			sourceTree = "<group>";
		};
		DB7C1FE1172C73EF00827C9F /* Products */ = {
			isa = PBXGroup;
			children = (
				DB7C1FE0172C73EF00827C9F /* Custom Views App.app */,
			);
			name = Products;
			sourceTree = "<group>";
		};
		DB7C1FE2172C73EF00827C9F /* Frameworks */ = {
			isa = PBXGroup;
			children = (
				DB7C2009172C741200827C9F /* SensibleTableView.framework */,
				DB7C1FE3172C73EF00827C9F /* UIKit.framework */,
				DB7C1FE5172C73F000827C9F /* Foundation.framework */,
				DB7C1FE7172C73F000827C9F /* CoreGraphics.framework */,
			);
			name = Frameworks;
			sourceTree = "<group>";
		};
		DB7C1FE9172C73F000827C9F /* Custom Views App */ = {
			isa = PBXGroup;
			children = (
				DB7C1FF2172C73F000827C9F /* AppDelegate.h */,
				DB7C1FF3172C73F000827C9F /* AppDelegate.m */,
				DB7C200B172C746F00827C9F /* RootViewController.h */,
				DB7C200C172C746F00827C9F /* RootViewController.m */,
				DB7C1FFB172C73F000827C9F /* MainStoryboard.storyboard */,
				DB7C200E172C7DBC00827C9F /* Resources */,
				DB7C1FEA172C73F000827C9F /* Supporting Files */,
			);
			path = "Custom Views App";
			sourceTree = "<group>";
		};
		DB7C1FEA172C73F000827C9F /* Supporting Files */ = {
			isa = PBXGroup;
			children = (
				DB7C1FEB172C73F000827C9F /* Custom Views App-Info.plist */,
				DB7C1FEC172C73F000827C9F /* InfoPlist.strings */,
				DB7C1FEF172C73F000827C9F /* main.m */,
				DB7C1FF1172C73F000827C9F /* Custom Views App-Prefix.pch */,
				DB7C1FF5172C73F000827C9F /* Default.png */,
				DB7C1FF7172C73F000827C9F /* Default@2x.png */,
				DB7C1FF9172C73F000827C9F /* Default-568h@2x.png */,
			);
			name = "Supporting Files";
			sourceTree = "<group>";
		};
		DB7C200E172C7DBC00827C9F /* Resources */ = {
			isa = PBXGroup;
			children = (
				DB7C200F172C7DD400827C9F /* water_drops.jpg */,
				DB7C2010172C7DD400827C9F /* no-edit.png */,
			);
			name = Resources;
			sourceTree = "<group>";
		};
/* End PBXGroup section */

/* Begin PBXNativeTarget section */
		DB7C1FDF172C73EF00827C9F /* Custom Views App */ = {
			isa = PBXNativeTarget;
			buildConfigurationList = DB7C2006172C73F000827C9F /* Build configuration list for PBXNativeTarget "Custom Views App" */;
			buildPhases = (
				DB7C1FDC172C73EF00827C9F /* Sources */,
				DB7C1FDD172C73EF00827C9F /* Frameworks */,
				DB7C1FDE172C73EF00827C9F /* Resources */,
			);
			buildRules = (
			);
			dependencies = (
			);
			name = "Custom Views App";
			productName = "Custom Views App";
			productReference = DB7C1FE0172C73EF00827C9F /* Custom Views App.app */;
			productType = "com.apple.product-type.application";
		};
/* End PBXNativeTarget section */

/* Begin PBXProject section */
		DB7C1FD8172C73EF00827C9F /* Project object */ = {
			isa = PBXProject;
			attributes = {
				LastUpgradeCheck = 0460;
				ORGANIZATIONNAME = "Sensible Cocoa";
			};
			buildConfigurationList = DB7C1FDB172C73EF00827C9F /* Build configuration list for PBXProject "Custom Views App" */;
			compatibilityVersion = "Xcode 3.2";
			developmentRegion = English;
			hasScannedForEncodings = 0;
			knownRegions = (
				en,
			);
			mainGroup = DB7C1FD7172C73EF00827C9F;
			productRefGroup = DB7C1FE1172C73EF00827C9F /* Products */;
			projectDirPath = "";
			projectRoot = "";
			targets = (
				DB7C1FDF172C73EF00827C9F /* Custom Views App */,
			);
		};
/* End PBXProject section */

/* Begin PBXResourcesBuildPhase section */
		DB7C1FDE172C73EF00827C9F /* Resources */ = {
			isa = PBXResourcesBuildPhase;
			buildActionMask = 2147483647;
			files = (
				DB7C1FEE172C73F000827C9F /* InfoPlist.strings in Resources */,
				DB7C1FF6172C73F000827C9F /* Default.png in Resources */,
				DB7C1FF8172C73F000827C9F /* Default@2x.png in Resources */,
				DB7C1FFA172C73F000827C9F /* Default-568h@2x.png in Resources */,
				DB7C1FFD172C73F000827C9F /* MainStoryboard.storyboard in Resources */,
				DB7C2011172C7DD400827C9F /* water_drops.jpg in Resources */,
				DB7C2012172C7DD400827C9F /* no-edit.png in Resources */,
			);
			runOnlyForDeploymentPostprocessing = 0;
		};
/* End PBXResourcesBuildPhase section */

/* Begin PBXSourcesBuildPhase section */
		DB7C1FDC172C73EF00827C9F /* Sources */ = {
			isa = PBXSourcesBuildPhase;
			buildActionMask = 2147483647;
			files = (
				DB7C1FF0172C73F000827C9F /* main.m in Sources */,
				DB7C1FF4172C73F000827C9F /* AppDelegate.m in Sources */,
				DB7C200D172C746F00827C9F /* RootViewController.m in Sources */,
			);
			runOnlyForDeploymentPostprocessing = 0;
		};
/* End PBXSourcesBuildPhase section */

/* Begin PBXVariantGroup section */
		DB7C1FEC172C73F000827C9F /* InfoPlist.strings */ = {
			isa = PBXVariantGroup;
			children = (
				DB7C1FED172C73F000827C9F /* en */,
			);
			name = InfoPlist.strings;
			sourceTree = "<group>";
		};
		DB7C1FFB172C73F000827C9F /* MainStoryboard.storyboard */ = {
			isa = PBXVariantGroup;
			children = (
				DB7C1FFC172C73F000827C9F /* en */,
			);
			name = MainStoryboard.storyboard;
			sourceTree = "<group>";
		};
/* End PBXVariantGroup section */

/* Begin XCBuildConfiguration section */
		DB7C2004172C73F000827C9F /* Debug */ = {
			isa = XCBuildConfiguration;
			buildSettings = {
				ALWAYS_SEARCH_USER_PATHS = NO;
				CLANG_CXX_LANGUAGE_STANDARD = "gnu++0x";
				CLANG_CXX_LIBRARY = "libc++";
				CLANG_ENABLE_OBJC_ARC = YES;
				CLANG_WARN_CONSTANT_CONVERSION = YES;
				CLANG_WARN_EMPTY_BODY = YES;
				CLANG_WARN_ENUM_CONVERSION = YES;
				CLANG_WARN_INT_CONVERSION = YES;
				CLANG_WARN__DUPLICATE_METHOD_MATCH = YES;
				"CODE_SIGN_IDENTITY[sdk=iphoneos*]" = "iPhone Developer";
				COPY_PHASE_STRIP = NO;
				GCC_C_LANGUAGE_STANDARD = gnu99;
				GCC_DYNAMIC_NO_PIC = NO;
				GCC_OPTIMIZATION_LEVEL = 0;
				GCC_PREPROCESSOR_DEFINITIONS = (
					"DEBUG=1",
					"$(inherited)",
				);
				GCC_SYMBOLS_PRIVATE_EXTERN = NO;
				GCC_WARN_ABOUT_RETURN_TYPE = YES;
				GCC_WARN_UNINITIALIZED_AUTOS = YES;
				GCC_WARN_UNUSED_VARIABLE = YES;
				IPHONEOS_DEPLOYMENT_TARGET = 6.0;
				ONLY_ACTIVE_ARCH = YES;
				SDKROOT = iphoneos;
			};
			name = Debug;
		};
		DB7C2005172C73F000827C9F /* Release */ = {
			isa = XCBuildConfiguration;
			buildSettings = {
				ALWAYS_SEARCH_USER_PATHS = NO;
				CLANG_CXX_LANGUAGE_STANDARD = "gnu++0x";
				CLANG_CXX_LIBRARY = "libc++";
				CLANG_ENABLE_OBJC_ARC = YES;
				CLANG_WARN_CONSTANT_CONVERSION = YES;
				CLANG_WARN_EMPTY_BODY = YES;
				CLANG_WARN_ENUM_CONVERSION = YES;
				CLANG_WARN_INT_CONVERSION = YES;
				CLANG_WARN__DUPLICATE_METHOD_MATCH = YES;
				"CODE_SIGN_IDENTITY[sdk=iphoneos*]" = "iPhone Developer";
				COPY_PHASE_STRIP = YES;
				GCC_C_LANGUAGE_STANDARD = gnu99;
				GCC_WARN_ABOUT_RETURN_TYPE = YES;
				GCC_WARN_UNINITIALIZED_AUTOS = YES;
				GCC_WARN_UNUSED_VARIABLE = YES;
				IPHONEOS_DEPLOYMENT_TARGET = 6.0;
				OTHER_CFLAGS = "-DNS_BLOCK_ASSERTIONS=1";
				SDKROOT = iphoneos;
				VALIDATE_PRODUCT = YES;
			};
			name = Release;
		};
		DB7C2007172C73F000827C9F /* Debug */ = {
			isa = XCBuildConfiguration;
			buildSettings = {
				FRAMEWORK_SEARCH_PATHS = (
					"$(inherited)",
					"\"$(SRCROOT)/../../Static Frameworks\"",
				);
				GCC_PRECOMPILE_PREFIX_HEADER = YES;
				GCC_PREFIX_HEADER = "Custom Views App/Custom Views App-Prefix.pch";
				INFOPLIST_FILE = "Custom Views App/Custom Views App-Info.plist";
				IPHONEOS_DEPLOYMENT_TARGET = 6.0;
				PRODUCT_NAME = "$(TARGET_NAME)";
				WRAPPER_EXTENSION = app;
			};
			name = Debug;
		};
		DB7C2008172C73F000827C9F /* Release */ = {
			isa = XCBuildConfiguration;
			buildSettings = {
				FRAMEWORK_SEARCH_PATHS = (
					"$(inherited)",
					"\"$(SRCROOT)/../../Static Frameworks\"",
				);
				GCC_PRECOMPILE_PREFIX_HEADER = YES;
				GCC_PREFIX_HEADER = "Custom Views App/Custom Views App-Prefix.pch";
				INFOPLIST_FILE = "Custom Views App/Custom Views App-Info.plist";
				IPHONEOS_DEPLOYMENT_TARGET = 6.0;
				PRODUCT_NAME = "$(TARGET_NAME)";
				WRAPPER_EXTENSION = app;
			};
			name = Release;
		};
/* End XCBuildConfiguration section */

/* Begin XCConfigurationList section */
		DB7C1FDB172C73EF00827C9F /* Build configuration list for PBXProject "Custom Views App" */ = {
			isa = XCConfigurationList;
			buildConfigurations = (
				DB7C2004172C73F000827C9F /* Debug */,
				DB7C2005172C73F000827C9F /* Release */,
			);
			defaultConfigurationIsVisible = 0;
			defaultConfigurationName = Release;
		};
		DB7C2006172C73F000827C9F /* Build configuration list for PBXNativeTarget "Custom Views App" */ = {
			isa = XCConfigurationList;
			buildConfigurations = (
				DB7C2007172C73F000827C9F /* Debug */,
				DB7C2008172C73F000827C9F /* Release */,
			);
			defaultConfigurationIsVisible = 0;
			defaultConfigurationName = Release;
		};
/* End XCConfigurationList section */
	};
	rootObject = DB7C1FD8172C73EF00827C9F /* Project object */;
}
