// !$*UTF8*$!
{
	archiveVersion = 1;
	classes = {
	};
	objectVersion = 46;
	objects = {

/* Begin PBXAggregateTarget section */
		DBE7374414F9A0070076D2B6 /* Framework */ = {
			isa = PBXAggregateTarget;
			buildConfigurationList = DBE7374514F9A0070076D2B6 /* Build configuration list for PBXAggregateTarget "Framework" */;
			buildPhases = (
				DBE7374A14F9A0180076D2B6 /* ShellScript */,
			);
			dependencies = (
				DBE7374914F9A0110076D2B6 /* PBXTargetDependency */,
			);
			name = Framework;
			productName = Framework;
		};
/* End PBXAggregateTarget section */

/* Begin PBXBuildFile section */
		DB0FCCE2152FBDE100E17D97 /* SCInputAccessoryView.h in Headers */ = {isa = PBXBuildFile; fileRef = DB0FCCE0152FBDE100E17D97 /* SCInputAccessoryView.h */; settings = {ATTRIBUTES = (Public, ); }; };
		DB0FCCE3152FBDE100E17D97 /* SCInputAccessoryView.m in Sources */ = {isa = PBXBuildFile; fileRef = DB0FCCE1152FBDE100E17D97 /* SCInputAccessoryView.m */; };
		DB308426151A8732006EAF84 /* SCDetailViewControllerOptions.h in Headers */ = {isa = PBXBuildFile; fileRef = DB308424151A8732006EAF84 /* SCDetailViewControllerOptions.h */; settings = {ATTRIBUTES = (Public, ); }; };
		DB308427151A8732006EAF84 /* SCDetailViewControllerOptions.m in Sources */ = {isa = PBXBuildFile; fileRef = DB308425151A8732006EAF84 /* SCDetailViewControllerOptions.m */; };
		DB30842A151A8FFB006EAF84 /* SCViewControllerTypedefs.h in Headers */ = {isa = PBXBuildFile; fileRef = DB308429151A8FFB006EAF84 /* SCViewControllerTypedefs.h */; settings = {ATTRIBUTES = (Public, ); }; };
		DB39EA2A15B5F9BB002E8C10 /* SCDateDefinition.h in Headers */ = {isa = PBXBuildFile; fileRef = DB39EA2815B5F9BB002E8C10 /* SCDateDefinition.h */; settings = {ATTRIBUTES = (Public, ); }; };
		DB39EA2B15B5F9BB002E8C10 /* SCDateDefinition.m in Sources */ = {isa = PBXBuildFile; fileRef = DB39EA2915B5F9BB002E8C10 /* SCDateDefinition.m */; };
		DB39EA2F15B60201002E8C10 /* SCNumberDefinition.h in Headers */ = {isa = PBXBuildFile; fileRef = DB39EA2D15B60201002E8C10 /* SCNumberDefinition.h */; settings = {ATTRIBUTES = (Public, ); }; };
		DB39EA3015B60201002E8C10 /* SCNumberDefinition.m in Sources */ = {isa = PBXBuildFile; fileRef = DB39EA2E15B60201002E8C10 /* SCNumberDefinition.m */; };
		DBAF8294151C420E00429E15 /* SCViewControllerActions.h in Headers */ = {isa = PBXBuildFile; fileRef = DBAF8292151C420E00429E15 /* SCViewControllerActions.h */; settings = {ATTRIBUTES = (Public, ); }; };
		DBAF8295151C420E00429E15 /* SCViewControllerActions.m in Sources */ = {isa = PBXBuildFile; fileRef = DBAF8293151C420E00429E15 /* SCViewControllerActions.m */; };
		DBAF8298151C447A00429E15 /* SCTableViewControllerActions.h in Headers */ = {isa = PBXBuildFile; fileRef = DBAF8296151C447A00429E15 /* SCTableViewControllerActions.h */; settings = {ATTRIBUTES = (Public, ); }; };
		DBAF8299151C447A00429E15 /* SCTableViewControllerActions.m in Sources */ = {isa = PBXBuildFile; fileRef = DBAF8297151C447A00429E15 /* SCTableViewControllerActions.m */; };
		DBAF82A1151D69FF00429E15 /* SCFetchItemsCell.h in Headers */ = {isa = PBXBuildFile; fileRef = DBAF829F151D69FF00429E15 /* SCFetchItemsCell.h */; settings = {ATTRIBUTES = (Public, ); }; };
		DBAF82A2151D69FF00429E15 /* SCFetchItemsCell.m in Sources */ = {isa = PBXBuildFile; fileRef = DBAF82A0151D69FF00429E15 /* SCFetchItemsCell.m */; };
		DBAF82A5151D794A00429E15 /* SCExpandCollapseCell.h in Headers */ = {isa = PBXBuildFile; fileRef = DBAF82A3151D794A00429E15 /* SCExpandCollapseCell.h */; settings = {ATTRIBUTES = (Public, ); }; };
		DBAF82A6151D794A00429E15 /* SCExpandCollapseCell.m in Sources */ = {isa = PBXBuildFile; fileRef = DBAF82A4151D794A00429E15 /* SCExpandCollapseCell.m */; };
		DBC08F96152020F000DEBB21 /* SCTheme.h in Headers */ = {isa = PBXBuildFile; fileRef = DBC08F94152020F000DEBB21 /* SCTheme.h */; settings = {ATTRIBUTES = (Public, ); }; };
		DBC08F97152020F000DEBB21 /* SCTheme.m in Sources */ = {isa = PBXBuildFile; fileRef = DBC08F95152020F000DEBB21 /* SCTheme.m */; };
		DBC0971F152D5CA500FC8FCE /* SCUserDefaultsDefinition.h in Headers */ = {isa = PBXBuildFile; fileRef = DBC0971D152D5CA500FC8FCE /* SCUserDefaultsDefinition.h */; settings = {ATTRIBUTES = (Public, ); }; };
		DBC09720152D5CA500FC8FCE /* SCUserDefaultsDefinition.m in Sources */ = {isa = PBXBuildFile; fileRef = DBC0971E152D5CA500FC8FCE /* SCUserDefaultsDefinition.m */; };
		DBC09726152D5E4C00FC8FCE /* SCUserDefaultsStore.h in Headers */ = {isa = PBXBuildFile; fileRef = DBC09724152D5E4C00FC8FCE /* SCUserDefaultsStore.h */; settings = {ATTRIBUTES = (Public, ); }; };
		DBC09727152D5E4C00FC8FCE /* SCUserDefaultsStore.m in Sources */ = {isa = PBXBuildFile; fileRef = DBC09725152D5E4C00FC8FCE /* SCUserDefaultsStore.m */; };
		DBCAAE4F15622EA7009E6765 /* SCModelActions.h in Headers */ = {isa = PBXBuildFile; fileRef = DBCAAE4D15622EA7009E6765 /* SCModelActions.h */; settings = {ATTRIBUTES = (Public, ); }; };
		DBCAAE5015622EA7009E6765 /* SCModelActions.m in Sources */ = {isa = PBXBuildFile; fileRef = DBCAAE4E15622EA7009E6765 /* SCModelActions.m */; };
		DBD7B42017164CBC006873A2 /* SCSearchViewController.h in Headers */ = {isa = PBXBuildFile; fileRef = DBD7B41E17164CBC006873A2 /* SCSearchViewController.h */; settings = {ATTRIBUTES = (Public, ); }; };
		DBD7B42117164CBC006873A2 /* SCSearchViewController.m in Sources */ = {isa = PBXBuildFile; fileRef = DBD7B41F17164CBC006873A2 /* SCSearchViewController.m */; };
		DBE22BB8150ACFC10081FB81 /* SCSectionActions.h in Headers */ = {isa = PBXBuildFile; fileRef = DBE22BB6150ACFC10081FB81 /* SCSectionActions.h */; settings = {ATTRIBUTES = (Public, ); }; };
		DBE22BB9150ACFC10081FB81 /* SCSectionActions.m in Sources */ = {isa = PBXBuildFile; fileRef = DBE22BB7150ACFC10081FB81 /* SCSectionActions.m */; };
		DBE22BEE150C140C0081FB81 /* SCPullToRefreshView.h in Headers */ = {isa = PBXBuildFile; fileRef = DBE22BEC150C140C0081FB81 /* SCPullToRefreshView.h */; settings = {ATTRIBUTES = (Public, ); }; };
		DBE22BEF150C140C0081FB81 /* SCPullToRefreshView.m in Sources */ = {isa = PBXBuildFile; fileRef = DBE22BED150C140C0081FB81 /* SCPullToRefreshView.m */; };
		DBE7373414F99E580076D2B6 /* Foundation.framework in Frameworks */ = {isa = PBXBuildFile; fileRef = DBE7373314F99E580076D2B6 /* Foundation.framework */; };
		DBE7376214F9A09D0076D2B6 /* SCBadgeView.h in Headers */ = {isa = PBXBuildFile; fileRef = DBE7374D14F9A09D0076D2B6 /* SCBadgeView.h */; settings = {ATTRIBUTES = (Public, ); }; };
		DBE7376314F9A09D0076D2B6 /* SCBadgeView.m in Sources */ = {isa = PBXBuildFile; fileRef = DBE7374E14F9A09D0076D2B6 /* SCBadgeView.m */; };
		DBE7376414F9A09D0076D2B6 /* SCCellActions.h in Headers */ = {isa = PBXBuildFile; fileRef = DBE7374F14F9A09D0076D2B6 /* SCCellActions.h */; settings = {ATTRIBUTES = (Public, ); }; };
		DBE7376514F9A09D0076D2B6 /* SCCellActions.m in Sources */ = {isa = PBXBuildFile; fileRef = DBE7375014F9A09D0076D2B6 /* SCCellActions.m */; };
		DBE7376614F9A09D0076D2B6 /* SCClassDefinition.h in Headers */ = {isa = PBXBuildFile; fileRef = DBE7375114F9A09D0076D2B6 /* SCClassDefinition.h */; settings = {ATTRIBUTES = (Public, ); }; };
		DBE7376714F9A09D0076D2B6 /* SCClassDefinition.m in Sources */ = {isa = PBXBuildFile; fileRef = DBE7375214F9A09D0076D2B6 /* SCClassDefinition.m */; };
		DBE7376814F9A09D0076D2B6 /* SCGlobals.h in Headers */ = {isa = PBXBuildFile; fileRef = DBE7375314F9A09D0076D2B6 /* SCGlobals.h */; settings = {ATTRIBUTES = (Public, ); }; };
		DBE7376914F9A09D0076D2B6 /* SCGlobals.m in Sources */ = {isa = PBXBuildFile; fileRef = DBE7375414F9A09D0076D2B6 /* SCGlobals.m */; };
		DBE7376A14F9A09D0076D2B6 /* SCPropertyAttributes.h in Headers */ = {isa = PBXBuildFile; fileRef = DBE7375514F9A09D0076D2B6 /* SCPropertyAttributes.h */; settings = {ATTRIBUTES = (Public, ); }; };
		DBE7376B14F9A09D0076D2B6 /* SCPropertyAttributes.m in Sources */ = {isa = PBXBuildFile; fileRef = DBE7375614F9A09D0076D2B6 /* SCPropertyAttributes.m */; };
		DBE7376C14F9A09D0076D2B6 /* SCTableViewCell.h in Headers */ = {isa = PBXBuildFile; fileRef = DBE7375714F9A09D0076D2B6 /* SCTableViewCell.h */; settings = {ATTRIBUTES = (Public, ); }; };
		DBE7376D14F9A09D0076D2B6 /* SCTableViewCell.m in Sources */ = {isa = PBXBuildFile; fileRef = DBE7375814F9A09D0076D2B6 /* SCTableViewCell.m */; };
		DBE7376E14F9A09D0076D2B6 /* SCTableViewController.h in Headers */ = {isa = PBXBuildFile; fileRef = DBE7375914F9A09D0076D2B6 /* SCTableViewController.h */; settings = {ATTRIBUTES = (Public, ); }; };
		DBE7376F14F9A09D0076D2B6 /* SCTableViewController.m in Sources */ = {isa = PBXBuildFile; fileRef = DBE7375A14F9A09D0076D2B6 /* SCTableViewController.m */; };
		DBE7377014F9A09D0076D2B6 /* SCTableViewModel.h in Headers */ = {isa = PBXBuildFile; fileRef = DBE7375B14F9A09D0076D2B6 /* SCTableViewModel.h */; settings = {ATTRIBUTES = (Public, ); }; };
		DBE7377114F9A09D0076D2B6 /* SCTableViewModel.m in Sources */ = {isa = PBXBuildFile; fileRef = DBE7375C14F9A09D0076D2B6 /* SCTableViewModel.m */; };
		DBE7377214F9A09D0076D2B6 /* SCTableViewSection.h in Headers */ = {isa = PBXBuildFile; fileRef = DBE7375D14F9A09D0076D2B6 /* SCTableViewSection.h */; settings = {ATTRIBUTES = (Public, ); }; };
		DBE7377314F9A09D0076D2B6 /* SCTableViewSection.m in Sources */ = {isa = PBXBuildFile; fileRef = DBE7375E14F9A09D0076D2B6 /* SCTableViewSection.m */; };
		DBE7377414F9A09D0076D2B6 /* SCViewController.h in Headers */ = {isa = PBXBuildFile; fileRef = DBE7375F14F9A09D0076D2B6 /* SCViewController.h */; settings = {ATTRIBUTES = (Public, ); }; };
		DBE7377514F9A09D0076D2B6 /* SCViewController.m in Sources */ = {isa = PBXBuildFile; fileRef = DBE7376014F9A09D0076D2B6 /* SCViewController.m */; };
		DBE7377614F9A09D0076D2B6 /* SensibleTableView.h in Headers */ = {isa = PBXBuildFile; fileRef = DBE7376114F9A09D0076D2B6 /* SensibleTableView.h */; settings = {ATTRIBUTES = (Public, ); }; };
		DBE7379D14F9AFDF0076D2B6 /* SCDataDefinition.h in Headers */ = {isa = PBXBuildFile; fileRef = DBE7379B14F9AFDF0076D2B6 /* SCDataDefinition.h */; settings = {ATTRIBUTES = (Public, ); }; };
		DBE7379E14F9AFDF0076D2B6 /* SCDataDefinition.m in Sources */ = {isa = PBXBuildFile; fileRef = DBE7379C14F9AFDF0076D2B6 /* SCDataDefinition.m */; };
		DBE737AE14FC23E80076D2B6 /* SCDictionaryDefinition.h in Headers */ = {isa = PBXBuildFile; fileRef = DBE737AC14FC23E70076D2B6 /* SCDictionaryDefinition.h */; settings = {ATTRIBUTES = (Public, ); }; };
		DBE737AF14FC23E80076D2B6 /* SCDictionaryDefinition.m in Sources */ = {isa = PBXBuildFile; fileRef = DBE737AD14FC23E70076D2B6 /* SCDictionaryDefinition.m */; };
		DBE737B214FC4B0E0076D2B6 /* SCStringDefinition.h in Headers */ = {isa = PBXBuildFile; fileRef = DBE737B014FC4B0E0076D2B6 /* SCStringDefinition.h */; settings = {ATTRIBUTES = (Public, ); }; };
		DBE737B314FC4B0E0076D2B6 /* SCStringDefinition.m in Sources */ = {isa = PBXBuildFile; fileRef = DBE737B114FC4B0E0076D2B6 /* SCStringDefinition.m */; };
		DBE7382D14FD65940076D2B6 /* SCDataStore.h in Headers */ = {isa = PBXBuildFile; fileRef = DBE7382B14FD65940076D2B6 /* SCDataStore.h */; settings = {ATTRIBUTES = (Public, ); }; };
		DBE7382E14FD65940076D2B6 /* SCDataStore.m in Sources */ = {isa = PBXBuildFile; fileRef = DBE7382C14FD65940076D2B6 /* SCDataStore.m */; };
		DBE7383114FD7FE20076D2B6 /* SCMemoryStore.h in Headers */ = {isa = PBXBuildFile; fileRef = DBE7382F14FD7FE10076D2B6 /* SCMemoryStore.h */; settings = {ATTRIBUTES = (Public, ); }; };
		DBE7383214FD7FE20076D2B6 /* SCMemoryStore.m in Sources */ = {isa = PBXBuildFile; fileRef = DBE7383014FD7FE10076D2B6 /* SCMemoryStore.m */; };
		DBE7383F14FEB7E60076D2B6 /* SCPropertyDefinition.h in Headers */ = {isa = PBXBuildFile; fileRef = DBE7383D14FEB7E50076D2B6 /* SCPropertyDefinition.h */; settings = {ATTRIBUTES = (Public, ); }; };
		DBE7384014FEB7E60076D2B6 /* SCPropertyDefinition.m in Sources */ = {isa = PBXBuildFile; fileRef = DBE7383E14FEB7E50076D2B6 /* SCPropertyDefinition.m */; };
		DBE7384E150045900076D2B6 /* SCDataFetchOptions.h in Headers */ = {isa = PBXBuildFile; fileRef = DBE7384C150045900076D2B6 /* SCDataFetchOptions.h */; settings = {ATTRIBUTES = (Public, ); }; };
		DBE7384F150045900076D2B6 /* SCDataFetchOptions.m in Sources */ = {isa = PBXBuildFile; fileRef = DBE7384D150045900076D2B6 /* SCDataFetchOptions.m */; };
/* End PBXBuildFile section */

/* Begin PBXContainerItemProxy section */
		DBE7374814F9A0110076D2B6 /* PBXContainerItemProxy */ = {
			isa = PBXContainerItemProxy;
			containerPortal = DBE7372714F99E580076D2B6 /* Project object */;
			proxyType = 1;
			remoteGlobalIDString = DBE7372F14F99E580076D2B6;
			remoteInfo = SensibleTableView;
		};
/* End PBXContainerItemProxy section */

/* Begin PBXFileReference section */
		DB0FCCE0152FBDE100E17D97 /* SCInputAccessoryView.h */ = {isa = PBXFileReference; fileEncoding = 4; lastKnownFileType = sourcecode.c.h; path = SCInputAccessoryView.h; sourceTree = "<group>"; };
		DB0FCCE1152FBDE100E17D97 /* SCInputAccessoryView.m */ = {isa = PBXFileReference; fileEncoding = 4; lastKnownFileType = sourcecode.c.objc; path = SCInputAccessoryView.m; sourceTree = "<group>"; };
		DB308424151A8732006EAF84 /* SCDetailViewControllerOptions.h */ = {isa = PBXFileReference; fileEncoding = 4; lastKnownFileType = sourcecode.c.h; path = SCDetailViewControllerOptions.h; sourceTree = "<group>"; };
		DB308425151A8732006EAF84 /* SCDetailViewControllerOptions.m */ = {isa = PBXFileReference; fileEncoding = 4; lastKnownFileType = sourcecode.c.objc; path = SCDetailViewControllerOptions.m; sourceTree = "<group>"; };
		DB308429151A8FFB006EAF84 /* SCViewControllerTypedefs.h */ = {isa = PBXFileReference; fileEncoding = 4; lastKnownFileType = sourcecode.c.h; path = SCViewControllerTypedefs.h; sourceTree = "<group>"; };
		DB39EA2815B5F9BB002E8C10 /* SCDateDefinition.h */ = {isa = PBXFileReference; fileEncoding = 4; lastKnownFileType = sourcecode.c.h; path = SCDateDefinition.h; sourceTree = "<group>"; };
		DB39EA2915B5F9BB002E8C10 /* SCDateDefinition.m */ = {isa = PBXFileReference; fileEncoding = 4; lastKnownFileType = sourcecode.c.objc; path = SCDateDefinition.m; sourceTree = "<group>"; };
		DB39EA2D15B60201002E8C10 /* SCNumberDefinition.h */ = {isa = PBXFileReference; fileEncoding = 4; lastKnownFileType = sourcecode.c.h; path = SCNumberDefinition.h; sourceTree = "<group>"; };
		DB39EA2E15B60201002E8C10 /* SCNumberDefinition.m */ = {isa = PBXFileReference; fileEncoding = 4; lastKnownFileType = sourcecode.c.objc; path = SCNumberDefinition.m; sourceTree = "<group>"; };
		DBAF8292151C420E00429E15 /* SCViewControllerActions.h */ = {isa = PBXFileReference; fileEncoding = 4; lastKnownFileType = sourcecode.c.h; path = SCViewControllerActions.h; sourceTree = "<group>"; };
		DBAF8293151C420E00429E15 /* SCViewControllerActions.m */ = {isa = PBXFileReference; fileEncoding = 4; lastKnownFileType = sourcecode.c.objc; path = SCViewControllerActions.m; sourceTree = "<group>"; };
		DBAF8296151C447A00429E15 /* SCTableViewControllerActions.h */ = {isa = PBXFileReference; fileEncoding = 4; lastKnownFileType = sourcecode.c.h; path = SCTableViewControllerActions.h; sourceTree = "<group>"; };
		DBAF8297151C447A00429E15 /* SCTableViewControllerActions.m */ = {isa = PBXFileReference; fileEncoding = 4; lastKnownFileType = sourcecode.c.objc; path = SCTableViewControllerActions.m; sourceTree = "<group>"; };
		DBAF829F151D69FF00429E15 /* SCFetchItemsCell.h */ = {isa = PBXFileReference; fileEncoding = 4; lastKnownFileType = sourcecode.c.h; path = SCFetchItemsCell.h; sourceTree = "<group>"; };
		DBAF82A0151D69FF00429E15 /* SCFetchItemsCell.m */ = {isa = PBXFileReference; fileEncoding = 4; lastKnownFileType = sourcecode.c.objc; path = SCFetchItemsCell.m; sourceTree = "<group>"; };
		DBAF82A3151D794A00429E15 /* SCExpandCollapseCell.h */ = {isa = PBXFileReference; fileEncoding = 4; lastKnownFileType = sourcecode.c.h; path = SCExpandCollapseCell.h; sourceTree = "<group>"; };
		DBAF82A4151D794A00429E15 /* SCExpandCollapseCell.m */ = {isa = PBXFileReference; fileEncoding = 4; lastKnownFileType = sourcecode.c.objc; path = SCExpandCollapseCell.m; sourceTree = "<group>"; };
		DBC08F94152020F000DEBB21 /* SCTheme.h */ = {isa = PBXFileReference; fileEncoding = 4; lastKnownFileType = sourcecode.c.h; path = SCTheme.h; sourceTree = "<group>"; };
		DBC08F95152020F000DEBB21 /* SCTheme.m */ = {isa = PBXFileReference; fileEncoding = 4; lastKnownFileType = sourcecode.c.objc; path = SCTheme.m; sourceTree = "<group>"; };
		DBC0971D152D5CA500FC8FCE /* SCUserDefaultsDefinition.h */ = {isa = PBXFileReference; fileEncoding = 4; lastKnownFileType = sourcecode.c.h; path = SCUserDefaultsDefinition.h; sourceTree = "<group>"; };
		DBC0971E152D5CA500FC8FCE /* SCUserDefaultsDefinition.m */ = {isa = PBXFileReference; fileEncoding = 4; lastKnownFileType = sourcecode.c.objc; path = SCUserDefaultsDefinition.m; sourceTree = "<group>"; };
		DBC09724152D5E4C00FC8FCE /* SCUserDefaultsStore.h */ = {isa = PBXFileReference; fileEncoding = 4; lastKnownFileType = sourcecode.c.h; path = SCUserDefaultsStore.h; sourceTree = "<group>"; };
		DBC09725152D5E4C00FC8FCE /* SCUserDefaultsStore.m */ = {isa = PBXFileReference; fileEncoding = 4; lastKnownFileType = sourcecode.c.objc; path = SCUserDefaultsStore.m; sourceTree = "<group>"; };
		DBCAAE4D15622EA7009E6765 /* SCModelActions.h */ = {isa = PBXFileReference; fileEncoding = 4; lastKnownFileType = sourcecode.c.h; path = SCModelActions.h; sourceTree = "<group>"; };
		DBCAAE4E15622EA7009E6765 /* SCModelActions.m */ = {isa = PBXFileReference; fileEncoding = 4; lastKnownFileType = sourcecode.c.objc; path = SCModelActions.m; sourceTree = "<group>"; };
		DBD7B41E17164CBC006873A2 /* SCSearchViewController.h */ = {isa = PBXFileReference; fileEncoding = 4; lastKnownFileType = sourcecode.c.h; path = SCSearchViewController.h; sourceTree = "<group>"; };
		DBD7B41F17164CBC006873A2 /* SCSearchViewController.m */ = {isa = PBXFileReference; fileEncoding = 4; lastKnownFileType = sourcecode.c.objc; path = SCSearchViewController.m; sourceTree = "<group>"; };
		DBE22BB6150ACFC10081FB81 /* SCSectionActions.h */ = {isa = PBXFileReference; fileEncoding = 4; lastKnownFileType = sourcecode.c.h; path = SCSectionActions.h; sourceTree = "<group>"; };
		DBE22BB7150ACFC10081FB81 /* SCSectionActions.m */ = {isa = PBXFileReference; fileEncoding = 4; lastKnownFileType = sourcecode.c.objc; path = SCSectionActions.m; sourceTree = "<group>"; };
		DBE22BEC150C140C0081FB81 /* SCPullToRefreshView.h */ = {isa = PBXFileReference; fileEncoding = 4; lastKnownFileType = sourcecode.c.h; path = SCPullToRefreshView.h; sourceTree = "<group>"; };
		DBE22BED150C140C0081FB81 /* SCPullToRefreshView.m */ = {isa = PBXFileReference; fileEncoding = 4; lastKnownFileType = sourcecode.c.objc; path = SCPullToRefreshView.m; sourceTree = "<group>"; };
		DBE7373014F99E580076D2B6 /* libSensibleTableView.a */ = {isa = PBXFileReference; explicitFileType = archive.ar; includeInIndex = 0; path = libSensibleTableView.a; sourceTree = BUILT_PRODUCTS_DIR; };
		DBE7373314F99E580076D2B6 /* Foundation.framework */ = {isa = PBXFileReference; lastKnownFileType = wrapper.framework; name = Foundation.framework; path = System/Library/Frameworks/Foundation.framework; sourceTree = SDKROOT; };
		DBE7373714F99E590076D2B6 /* SensibleTableView-Prefix.pch */ = {isa = PBXFileReference; lastKnownFileType = sourcecode.c.h; path = "SensibleTableView-Prefix.pch"; sourceTree = "<group>"; };
		DBE7374C14F9A09D0076D2B6 /* LICENSE AGREEMENT.rtf */ = {isa = PBXFileReference; fileEncoding = 4; lastKnownFileType = text.rtf; name = "LICENSE AGREEMENT.rtf"; path = "STV-Core/LICENSE AGREEMENT.rtf"; sourceTree = "<group>"; };
		DBE7374D14F9A09D0076D2B6 /* SCBadgeView.h */ = {isa = PBXFileReference; fileEncoding = 4; lastKnownFileType = sourcecode.c.h; path = SCBadgeView.h; sourceTree = "<group>"; };
		DBE7374E14F9A09D0076D2B6 /* SCBadgeView.m */ = {isa = PBXFileReference; fileEncoding = 4; lastKnownFileType = sourcecode.c.objc; path = SCBadgeView.m; sourceTree = "<group>"; };
		DBE7374F14F9A09D0076D2B6 /* SCCellActions.h */ = {isa = PBXFileReference; fileEncoding = 4; lastKnownFileType = sourcecode.c.h; path = SCCellActions.h; sourceTree = "<group>"; };
		DBE7375014F9A09D0076D2B6 /* SCCellActions.m */ = {isa = PBXFileReference; fileEncoding = 4; lastKnownFileType = sourcecode.c.objc; path = SCCellActions.m; sourceTree = "<group>"; };
		DBE7375114F9A09D0076D2B6 /* SCClassDefinition.h */ = {isa = PBXFileReference; fileEncoding = 4; lastKnownFileType = sourcecode.c.h; path = SCClassDefinition.h; sourceTree = "<group>"; };
		DBE7375214F9A09D0076D2B6 /* SCClassDefinition.m */ = {isa = PBXFileReference; fileEncoding = 4; lastKnownFileType = sourcecode.c.objc; path = SCClassDefinition.m; sourceTree = "<group>"; };
		DBE7375314F9A09D0076D2B6 /* SCGlobals.h */ = {isa = PBXFileReference; fileEncoding = 4; lastKnownFileType = sourcecode.c.h; path = SCGlobals.h; sourceTree = "<group>"; };
		DBE7375414F9A09D0076D2B6 /* SCGlobals.m */ = {isa = PBXFileReference; fileEncoding = 4; lastKnownFileType = sourcecode.c.objc; path = SCGlobals.m; sourceTree = "<group>"; };
		DBE7375514F9A09D0076D2B6 /* SCPropertyAttributes.h */ = {isa = PBXFileReference; fileEncoding = 4; lastKnownFileType = sourcecode.c.h; path = SCPropertyAttributes.h; sourceTree = "<group>"; };
		DBE7375614F9A09D0076D2B6 /* SCPropertyAttributes.m */ = {isa = PBXFileReference; fileEncoding = 4; lastKnownFileType = sourcecode.c.objc; path = SCPropertyAttributes.m; sourceTree = "<group>"; };
		DBE7375714F9A09D0076D2B6 /* SCTableViewCell.h */ = {isa = PBXFileReference; fileEncoding = 4; lastKnownFileType = sourcecode.c.h; path = SCTableViewCell.h; sourceTree = "<group>"; };
		DBE7375814F9A09D0076D2B6 /* SCTableViewCell.m */ = {isa = PBXFileReference; fileEncoding = 4; lastKnownFileType = sourcecode.c.objc; path = SCTableViewCell.m; sourceTree = "<group>"; };
		DBE7375914F9A09D0076D2B6 /* SCTableViewController.h */ = {isa = PBXFileReference; fileEncoding = 4; lastKnownFileType = sourcecode.c.h; path = SCTableViewController.h; sourceTree = "<group>"; };
		DBE7375A14F9A09D0076D2B6 /* SCTableViewController.m */ = {isa = PBXFileReference; fileEncoding = 4; lastKnownFileType = sourcecode.c.objc; path = SCTableViewController.m; sourceTree = "<group>"; };
		DBE7375B14F9A09D0076D2B6 /* SCTableViewModel.h */ = {isa = PBXFileReference; fileEncoding = 4; lastKnownFileType = sourcecode.c.h; path = SCTableViewModel.h; sourceTree = "<group>"; };
		DBE7375C14F9A09D0076D2B6 /* SCTableViewModel.m */ = {isa = PBXFileReference; fileEncoding = 4; lastKnownFileType = sourcecode.c.objc; path = SCTableViewModel.m; sourceTree = "<group>"; };
		DBE7375D14F9A09D0076D2B6 /* SCTableViewSection.h */ = {isa = PBXFileReference; fileEncoding = 4; lastKnownFileType = sourcecode.c.h; path = SCTableViewSection.h; sourceTree = "<group>"; };
		DBE7375E14F9A09D0076D2B6 /* SCTableViewSection.m */ = {isa = PBXFileReference; fileEncoding = 4; lastKnownFileType = sourcecode.c.objc; path = SCTableViewSection.m; sourceTree = "<group>"; };
		DBE7375F14F9A09D0076D2B6 /* SCViewController.h */ = {isa = PBXFileReference; fileEncoding = 4; lastKnownFileType = sourcecode.c.h; path = SCViewController.h; sourceTree = "<group>"; };
		DBE7376014F9A09D0076D2B6 /* SCViewController.m */ = {isa = PBXFileReference; fileEncoding = 4; lastKnownFileType = sourcecode.c.objc; path = SCViewController.m; sourceTree = "<group>"; };
		DBE7376114F9A09D0076D2B6 /* SensibleTableView.h */ = {isa = PBXFileReference; fileEncoding = 4; lastKnownFileType = sourcecode.c.h; path = SensibleTableView.h; sourceTree = "<group>"; };
		DBE7379B14F9AFDF0076D2B6 /* SCDataDefinition.h */ = {isa = PBXFileReference; fileEncoding = 4; lastKnownFileType = sourcecode.c.h; path = SCDataDefinition.h; sourceTree = "<group>"; };
		DBE7379C14F9AFDF0076D2B6 /* SCDataDefinition.m */ = {isa = PBXFileReference; fileEncoding = 4; lastKnownFileType = sourcecode.c.objc; path = SCDataDefinition.m; sourceTree = "<group>"; };
		DBE737AC14FC23E70076D2B6 /* SCDictionaryDefinition.h */ = {isa = PBXFileReference; fileEncoding = 4; lastKnownFileType = sourcecode.c.h; path = SCDictionaryDefinition.h; sourceTree = "<group>"; };
		DBE737AD14FC23E70076D2B6 /* SCDictionaryDefinition.m */ = {isa = PBXFileReference; fileEncoding = 4; lastKnownFileType = sourcecode.c.objc; path = SCDictionaryDefinition.m; sourceTree = "<group>"; };
		DBE737B014FC4B0E0076D2B6 /* SCStringDefinition.h */ = {isa = PBXFileReference; fileEncoding = 4; lastKnownFileType = sourcecode.c.h; path = SCStringDefinition.h; sourceTree = "<group>"; };
		DBE737B114FC4B0E0076D2B6 /* SCStringDefinition.m */ = {isa = PBXFileReference; fileEncoding = 4; lastKnownFileType = sourcecode.c.objc; path = SCStringDefinition.m; sourceTree = "<group>"; };
		DBE7382B14FD65940076D2B6 /* SCDataStore.h */ = {isa = PBXFileReference; fileEncoding = 4; lastKnownFileType = sourcecode.c.h; path = SCDataStore.h; sourceTree = "<group>"; };
		DBE7382C14FD65940076D2B6 /* SCDataStore.m */ = {isa = PBXFileReference; fileEncoding = 4; lastKnownFileType = sourcecode.c.objc; path = SCDataStore.m; sourceTree = "<group>"; };
		DBE7382F14FD7FE10076D2B6 /* SCMemoryStore.h */ = {isa = PBXFileReference; fileEncoding = 4; lastKnownFileType = sourcecode.c.h; path = SCMemoryStore.h; sourceTree = "<group>"; };
		DBE7383014FD7FE10076D2B6 /* SCMemoryStore.m */ = {isa = PBXFileReference; fileEncoding = 4; lastKnownFileType = sourcecode.c.objc; path = SCMemoryStore.m; sourceTree = "<group>"; };
		DBE7383D14FEB7E50076D2B6 /* SCPropertyDefinition.h */ = {isa = PBXFileReference; fileEncoding = 4; lastKnownFileType = sourcecode.c.h; path = SCPropertyDefinition.h; sourceTree = "<group>"; };
		DBE7383E14FEB7E50076D2B6 /* SCPropertyDefinition.m */ = {isa = PBXFileReference; fileEncoding = 4; lastKnownFileType = sourcecode.c.objc; path = SCPropertyDefinition.m; sourceTree = "<group>"; };
		DBE7384C150045900076D2B6 /* SCDataFetchOptions.h */ = {isa = PBXFileReference; fileEncoding = 4; lastKnownFileType = sourcecode.c.h; path = SCDataFetchOptions.h; sourceTree = "<group>"; };
		DBE7384D150045900076D2B6 /* SCDataFetchOptions.m */ = {isa = PBXFileReference; fileEncoding = 4; lastKnownFileType = sourcecode.c.objc; path = SCDataFetchOptions.m; sourceTree = "<group>"; };
/* End PBXFileReference section */

/* Begin PBXFrameworksBuildPhase section */
		DBE7372D14F99E580076D2B6 /* Frameworks */ = {
			isa = PBXFrameworksBuildPhase;
			buildActionMask = 2147483647;
			files = (
				DBE7373414F99E580076D2B6 /* Foundation.framework in Frameworks */,
			);
			runOnlyForDeploymentPostprocessing = 0;
		};
/* End PBXFrameworksBuildPhase section */

/* Begin PBXGroup section */
		DBAE42021516AE46003CBF11 /* View Controllers */ = {
			isa = PBXGroup;
			children = (
				DB308429151A8FFB006EAF84 /* SCViewControllerTypedefs.h */,
				DBE7375F14F9A09D0076D2B6 /* SCViewController.h */,
				DBE7376014F9A09D0076D2B6 /* SCViewController.m */,
				DBD7B41E17164CBC006873A2 /* SCSearchViewController.h */,
				DBD7B41F17164CBC006873A2 /* SCSearchViewController.m */,
				DBE7375914F9A09D0076D2B6 /* SCTableViewController.h */,
				DBE7375A14F9A09D0076D2B6 /* SCTableViewController.m */,
				DB308424151A8732006EAF84 /* SCDetailViewControllerOptions.h */,
				DB308425151A8732006EAF84 /* SCDetailViewControllerOptions.m */,
			);
			name = "View Controllers";
			sourceTree = "<group>";
		};
		DBAF829E151D698600429E15 /* Special Cells */ = {
			isa = PBXGroup;
			children = (
				DBAF82A3151D794A00429E15 /* SCExpandCollapseCell.h */,
				DBAF82A4151D794A00429E15 /* SCExpandCollapseCell.m */,
				DBAF829F151D69FF00429E15 /* SCFetchItemsCell.h */,
				DBAF82A0151D69FF00429E15 /* SCFetchItemsCell.m */,
			);
			name = "Special Cells";
			sourceTree = "<group>";
		};
		DBC08F92151FFBCC00DEBB21 /* Theme */ = {
			isa = PBXGroup;
			children = (
				DBC08F94152020F000DEBB21 /* SCTheme.h */,
				DBC08F95152020F000DEBB21 /* SCTheme.m */,
			);
			name = Theme;
			sourceTree = "<group>";
		};
		DBC09737152D646800FC8FCE /* Models */ = {
			isa = PBXGroup;
			children = (
				DBE7375B14F9A09D0076D2B6 /* SCTableViewModel.h */,
				DBE7375C14F9A09D0076D2B6 /* SCTableViewModel.m */,
			);
			name = Models;
			sourceTree = "<group>";
		};
		DBC09739152D646F00FC8FCE /* Sections */ = {
			isa = PBXGroup;
			children = (
				DBE7375D14F9A09D0076D2B6 /* SCTableViewSection.h */,
				DBE7375E14F9A09D0076D2B6 /* SCTableViewSection.m */,
			);
			name = Sections;
			sourceTree = "<group>";
		};
		DBC0973E152D649900FC8FCE /* Cells */ = {
			isa = PBXGroup;
			children = (
				DBE7375714F9A09D0076D2B6 /* SCTableViewCell.h */,
				DBE7375814F9A09D0076D2B6 /* SCTableViewCell.m */,
			);
			name = Cells;
			sourceTree = "<group>";
		};
		DBE22BB4150ACEAB0081FB81 /* Actions */ = {
			isa = PBXGroup;
			children = (
				DBE7374F14F9A09D0076D2B6 /* SCCellActions.h */,
				DBE7375014F9A09D0076D2B6 /* SCCellActions.m */,
				DBE22BB6150ACFC10081FB81 /* SCSectionActions.h */,
				DBE22BB7150ACFC10081FB81 /* SCSectionActions.m */,
				DBCAAE4D15622EA7009E6765 /* SCModelActions.h */,
				DBCAAE4E15622EA7009E6765 /* SCModelActions.m */,
				DBAF8292151C420E00429E15 /* SCViewControllerActions.h */,
				DBAF8293151C420E00429E15 /* SCViewControllerActions.m */,
				DBAF8296151C447A00429E15 /* SCTableViewControllerActions.h */,
				DBAF8297151C447A00429E15 /* SCTableViewControllerActions.m */,
			);
			name = Actions;
			sourceTree = "<group>";
		};
		DBE22BEB150C13730081FB81 /* Special Views */ = {
			isa = PBXGroup;
			children = (
				DBE7374D14F9A09D0076D2B6 /* SCBadgeView.h */,
				DBE7374E14F9A09D0076D2B6 /* SCBadgeView.m */,
				DBE22BEC150C140C0081FB81 /* SCPullToRefreshView.h */,
				DBE22BED150C140C0081FB81 /* SCPullToRefreshView.m */,
				DB0FCCE0152FBDE100E17D97 /* SCInputAccessoryView.h */,
				DB0FCCE1152FBDE100E17D97 /* SCInputAccessoryView.m */,
			);
			name = "Special Views";
			sourceTree = "<group>";
		};
		DBE7372514F99E580076D2B6 = {
			isa = PBXGroup;
			children = (
				DBE7373514F99E590076D2B6 /* SensibleTableView */,
				DBE7373214F99E580076D2B6 /* Frameworks */,
				DBE7373114F99E580076D2B6 /* Products */,
			);
			sourceTree = "<group>";
		};
		DBE7373114F99E580076D2B6 /* Products */ = {
			isa = PBXGroup;
			children = (
				DBE7373014F99E580076D2B6 /* libSensibleTableView.a */,
			);
			name = Products;
			sourceTree = "<group>";
		};
		DBE7373214F99E580076D2B6 /* Frameworks */ = {
			isa = PBXGroup;
			children = (
				DBE7373314F99E580076D2B6 /* Foundation.framework */,
			);
			name = Frameworks;
			sourceTree = "<group>";
		};
		DBE7373514F99E590076D2B6 /* SensibleTableView */ = {
			isa = PBXGroup;
			children = (
				DBE7374C14F9A09D0076D2B6 /* LICENSE AGREEMENT.rtf */,
				DBE7374B14F9A09D0076D2B6 /* STV-Core */,
				DBE7373614F99E590076D2B6 /* Supporting Files */,
			);
			path = SensibleTableView;
			sourceTree = "<group>";
		};
		DBE7373614F99E590076D2B6 /* Supporting Files */ = {
			isa = PBXGroup;
			children = (
				DBE7373714F99E590076D2B6 /* SensibleTableView-Prefix.pch */,
			);
			name = "Supporting Files";
			sourceTree = "<group>";
		};
		DBE7374B14F9A09D0076D2B6 /* STV-Core */ = {
			isa = PBXGroup;
			children = (
				DBE7376114F9A09D0076D2B6 /* SensibleTableView.h */,
				DBE7375314F9A09D0076D2B6 /* SCGlobals.h */,
				DBE7375414F9A09D0076D2B6 /* SCGlobals.m */,
				DBE7379A14F9AFAF0076D2B6 /* Data Definitions */,
				DBE7385115004CB30076D2B6 /* Data Fetch Options */,
				DBE7382A14FD65320076D2B6 /* Data Stores */,
				DBE22BB4150ACEAB0081FB81 /* Actions */,
				DBAE42021516AE46003CBF11 /* View Controllers */,
				DBC09737152D646800FC8FCE /* Models */,
				DBC09739152D646F00FC8FCE /* Sections */,
				DBC0973E152D649900FC8FCE /* Cells */,
				DBAF829E151D698600429E15 /* Special Cells */,
				DBE22BEB150C13730081FB81 /* Special Views */,
				DBC08F92151FFBCC00DEBB21 /* Theme */,
			);
			path = "STV-Core";
			sourceTree = "<group>";
		};
		DBE7379A14F9AFAF0076D2B6 /* Data Definitions */ = {
			isa = PBXGroup;
			children = (
				DBE7375514F9A09D0076D2B6 /* SCPropertyAttributes.h */,
				DBE7375614F9A09D0076D2B6 /* SCPropertyAttributes.m */,
				DBE7383D14FEB7E50076D2B6 /* SCPropertyDefinition.h */,
				DBE7383E14FEB7E50076D2B6 /* SCPropertyDefinition.m */,
				DBE7379B14F9AFDF0076D2B6 /* SCDataDefinition.h */,
				DBE7379C14F9AFDF0076D2B6 /* SCDataDefinition.m */,
				DBE7375114F9A09D0076D2B6 /* SCClassDefinition.h */,
				DBE7375214F9A09D0076D2B6 /* SCClassDefinition.m */,
				DBE737B014FC4B0E0076D2B6 /* SCStringDefinition.h */,
				DBE737B114FC4B0E0076D2B6 /* SCStringDefinition.m */,
				DB39EA2D15B60201002E8C10 /* SCNumberDefinition.h */,
				DB39EA2E15B60201002E8C10 /* SCNumberDefinition.m */,
				DB39EA2815B5F9BB002E8C10 /* SCDateDefinition.h */,
				DB39EA2915B5F9BB002E8C10 /* SCDateDefinition.m */,
				DBE737AC14FC23E70076D2B6 /* SCDictionaryDefinition.h */,
				DBE737AD14FC23E70076D2B6 /* SCDictionaryDefinition.m */,
				DBC0971D152D5CA500FC8FCE /* SCUserDefaultsDefinition.h */,
				DBC0971E152D5CA500FC8FCE /* SCUserDefaultsDefinition.m */,
			);
			name = "Data Definitions";
			sourceTree = "<group>";
		};
		DBE7382A14FD65320076D2B6 /* Data Stores */ = {
			isa = PBXGroup;
			children = (
				DBE7382B14FD65940076D2B6 /* SCDataStore.h */,
				DBE7382C14FD65940076D2B6 /* SCDataStore.m */,
				DBE7382F14FD7FE10076D2B6 /* SCMemoryStore.h */,
				DBE7383014FD7FE10076D2B6 /* SCMemoryStore.m */,
				DBC09724152D5E4C00FC8FCE /* SCUserDefaultsStore.h */,
				DBC09725152D5E4C00FC8FCE /* SCUserDefaultsStore.m */,
			);
			name = "Data Stores";
			sourceTree = "<group>";
		};
		DBE7385115004CB30076D2B6 /* Data Fetch Options */ = {
			isa = PBXGroup;
			children = (
				DBE7384C150045900076D2B6 /* SCDataFetchOptions.h */,
				DBE7384D150045900076D2B6 /* SCDataFetchOptions.m */,
			);
			name = "Data Fetch Options";
			sourceTree = "<group>";
		};
/* End PBXGroup section */

/* Begin PBXHeadersBuildPhase section */
		DBE7372E14F99E580076D2B6 /* Headers */ = {
			isa = PBXHeadersBuildPhase;
			buildActionMask = 2147483647;
			files = (
				DBE7376214F9A09D0076D2B6 /* SCBadgeView.h in Headers */,
				DBE7376414F9A09D0076D2B6 /* SCCellActions.h in Headers */,
				DBE7376614F9A09D0076D2B6 /* SCClassDefinition.h in Headers */,
				DBE7376814F9A09D0076D2B6 /* SCGlobals.h in Headers */,
				DBE7376A14F9A09D0076D2B6 /* SCPropertyAttributes.h in Headers */,
				DBE7376C14F9A09D0076D2B6 /* SCTableViewCell.h in Headers */,
				DBE7376E14F9A09D0076D2B6 /* SCTableViewController.h in Headers */,
				DBE7377014F9A09D0076D2B6 /* SCTableViewModel.h in Headers */,
				DBE7377214F9A09D0076D2B6 /* SCTableViewSection.h in Headers */,
				DBE7377414F9A09D0076D2B6 /* SCViewController.h in Headers */,
				DBE7377614F9A09D0076D2B6 /* SensibleTableView.h in Headers */,
				DBE7379D14F9AFDF0076D2B6 /* SCDataDefinition.h in Headers */,
				DBE737AE14FC23E80076D2B6 /* SCDictionaryDefinition.h in Headers */,
				DBE737B214FC4B0E0076D2B6 /* SCStringDefinition.h in Headers */,
				DBE7382D14FD65940076D2B6 /* SCDataStore.h in Headers */,
				DBE7383114FD7FE20076D2B6 /* SCMemoryStore.h in Headers */,
				DBE7383F14FEB7E60076D2B6 /* SCPropertyDefinition.h in Headers */,
				DBE7384E150045900076D2B6 /* SCDataFetchOptions.h in Headers */,
				DBE22BB8150ACFC10081FB81 /* SCSectionActions.h in Headers */,
				DBE22BEE150C140C0081FB81 /* SCPullToRefreshView.h in Headers */,
				DB308426151A8732006EAF84 /* SCDetailViewControllerOptions.h in Headers */,
				DB30842A151A8FFB006EAF84 /* SCViewControllerTypedefs.h in Headers */,
				DBAF8294151C420E00429E15 /* SCViewControllerActions.h in Headers */,
				DBAF8298151C447A00429E15 /* SCTableViewControllerActions.h in Headers */,
				DBAF82A1151D69FF00429E15 /* SCFetchItemsCell.h in Headers */,
				DBAF82A5151D794A00429E15 /* SCExpandCollapseCell.h in Headers */,
				DBC08F96152020F000DEBB21 /* SCTheme.h in Headers */,
				DBC0971F152D5CA500FC8FCE /* SCUserDefaultsDefinition.h in Headers */,
				DBC09726152D5E4C00FC8FCE /* SCUserDefaultsStore.h in Headers */,
				DB0FCCE2152FBDE100E17D97 /* SCInputAccessoryView.h in Headers */,
				DBCAAE4F15622EA7009E6765 /* SCModelActions.h in Headers */,
				DB39EA2A15B5F9BB002E8C10 /* SCDateDefinition.h in Headers */,
				DB39EA2F15B60201002E8C10 /* SCNumberDefinition.h in Headers */,
				DBD7B42017164CBC006873A2 /* SCSearchViewController.h in Headers */,
			);
			runOnlyForDeploymentPostprocessing = 0;
		};
/* End PBXHeadersBuildPhase section */

/* Begin PBXNativeTarget section */
		DBE7372F14F99E580076D2B6 /* SensibleTableView */ = {
			isa = PBXNativeTarget;
			buildConfigurationList = DBE7373D14F99E590076D2B6 /* Build configuration list for PBXNativeTarget "SensibleTableView" */;
			buildPhases = (
				DBE7372C14F99E580076D2B6 /* Sources */,
				DBE7372D14F99E580076D2B6 /* Frameworks */,
				DBE7372E14F99E580076D2B6 /* Headers */,
				DBE7374314F99FB60076D2B6 /* ShellScript */,
			);
			buildRules = (
			);
			dependencies = (
			);
			name = SensibleTableView;
			productName = SensibleTableView;
			productReference = DBE7373014F99E580076D2B6 /* libSensibleTableView.a */;
			productType = "com.apple.product-type.library.static";
		};
/* End PBXNativeTarget section */

/* Begin PBXProject section */
		DBE7372714F99E580076D2B6 /* Project object */ = {
			isa = PBXProject;
			attributes = {
				LastUpgradeCheck = 0460;
				ORGANIZATIONNAME = "Sensible Cocoa";
			};
			buildConfigurationList = DBE7372A14F99E580076D2B6 /* Build configuration list for PBXProject "SensibleTableView" */;
			compatibilityVersion = "Xcode 3.2";
			developmentRegion = English;
			hasScannedForEncodings = 0;
			knownRegions = (
				en,
			);
			mainGroup = DBE7372514F99E580076D2B6;
			productRefGroup = DBE7373114F99E580076D2B6 /* Products */;
			projectDirPath = "";
			projectRoot = "";
			targets = (
				DBE7372F14F99E580076D2B6 /* SensibleTableView */,
				DBE7374414F9A0070076D2B6 /* Framework */,
			);
		};
/* End PBXProject section */

/* Begin PBXShellScriptBuildPhase section */
		DBE7374314F99FB60076D2B6 /* ShellScript */ = {
			isa = PBXShellScriptBuildPhase;
			buildActionMask = 2147483647;
			files = (
			);
			inputPaths = (
			);
			outputPaths = (
			);
			runOnlyForDeploymentPostprocessing = 0;
			shellPath = /bin/sh;
			shellScript = "# Special thanks goes to Jeff Verkoeyen (jeffverkoeyen.com) for providing this script.\n\nset -e\n\nmkdir -p \"${BUILT_PRODUCTS_DIR}/${PRODUCT_NAME}.framework/Versions/A\"\n\nln -sf A \"${BUILT_PRODUCTS_DIR}/${PRODUCT_NAME}.framework/Versions/Current\"\nln -sf Versions/Current/Headers \"${BUILT_PRODUCTS_DIR}/${PRODUCT_NAME}.framework/Headers\"\nln -sf \"Versions/Current/${PRODUCT_NAME}\" \"${BUILT_PRODUCTS_DIR}/${PRODUCT_NAME}.framework/${PRODUCT_NAME}\"\nmkdir -p \"${BUILT_PRODUCTS_DIR}/${PRODUCT_NAME}.framework/Versions/A/Headers\"\n\n# The -a ensures that the headers maintain the source modification date so that we don't constantly\n# cause propagating rebuilds of files that import these headers.\ncp -a \"${TARGET_BUILD_DIR}/${PUBLIC_HEADERS_FOLDER_PATH}/\" \"${BUILT_PRODUCTS_DIR}/${PRODUCT_NAME}.framework/Versions/A/Headers\"\n";
		};
		DBE7374A14F9A0180076D2B6 /* ShellScript */ = {
			isa = PBXShellScriptBuildPhase;
			buildActionMask = 2147483647;
			files = (
			);
			inputPaths = (
			);
			outputPaths = (
			);
			runOnlyForDeploymentPostprocessing = 0;
			shellPath = /bin/sh;
			shellScript = "# Special thanks goes to Jeff Verkoeyen (jeffverkoeyen.com) for providing this script.\n\nset -e\nset +u\n# Avoid recursively calling this script.\nif [[ $SF_MASTER_SCRIPT_RUNNING ]]\nthen\nexit 0\nfi\nset -u\nexport SF_MASTER_SCRIPT_RUNNING=1\n\nSF_TARGET_NAME=${PROJECT_NAME}\nSF_EXECUTABLE_PATH=\"lib${SF_TARGET_NAME}.a\"\nSF_WRAPPER_NAME=\"${SF_TARGET_NAME}.framework\"\n\nif [[ \"$SDK_NAME\" =~ ([A-Za-z]+) ]]\nthen\nSF_SDK_PLATFORM=${BASH_REMATCH[1]}\nelse\necho \"Could not find platform name from SDK_NAME: $SDK_NAME\"\nexit 1\nfi\n\nif [[ \"$SDK_NAME\" =~ ([0-9]+.*$) ]]\nthen\nSF_SDK_VERSION=${BASH_REMATCH[1]}\nelse\necho \"Could not find sdk version from SDK_NAME: $SDK_NAME\"\nexit 1\nfi\n\nif [[ \"$SF_SDK_PLATFORM\" = \"iphoneos\" ]]\nthen\nSF_OTHER_PLATFORM=iphonesimulator\nSF_ARCHS=i386\nelse\nSF_OTHER_PLATFORM=iphoneos\n# Force armv6 to be built because Xcode 4 likes to only build armv7\nSF_ARCHS=\"armv6 armv7 armv7s arm64\"\nfi\n\nif [[ \"$BUILT_PRODUCTS_DIR\" =~ (.*)$SF_SDK_PLATFORM$ ]]\nthen\nSF_OTHER_BUILT_PRODUCTS_DIR=\"${BASH_REMATCH[1]}${SF_OTHER_PLATFORM}\"\nelse\necho \"Could not find platform name from build products directory: $BUILT_PRODUCTS_DIR\"\nexit 1\nfi\n\n# Build the other platform.\nxcodebuild -project \"${PROJECT_FILE_PATH}\" -target \"${TARGET_NAME}\" -configuration \"${CONFIGURATION}\" -sdk ${SF_OTHER_PLATFORM}${SF_SDK_VERSION} BUILD_DIR=\"${BUILD_DIR}\" CONFIGURATION_TEMP_DIR=\"${PROJECT_TEMP_DIR}/${CONFIGURATION}-${SF_OTHER_PLATFORM}\" ARCHS=\"${SF_ARCHS}\" $ACTION\n\n# Smash the two static libraries into one fat binary and store it in the .framework\nlipo -create \"${BUILT_PRODUCTS_DIR}/${SF_EXECUTABLE_PATH}\" \"${SF_OTHER_BUILT_PRODUCTS_DIR}/${SF_EXECUTABLE_PATH}\" -output \"${BUILT_PRODUCTS_DIR}/${SF_WRAPPER_NAME}/Versions/A/${SF_TARGET_NAME}\"\n\n";
		};
/* End PBXShellScriptBuildPhase section */

/* Begin PBXSourcesBuildPhase section */
		DBE7372C14F99E580076D2B6 /* Sources */ = {
			isa = PBXSourcesBuildPhase;
			buildActionMask = 2147483647;
			files = (
				DBE7376314F9A09D0076D2B6 /* SCBadgeView.m in Sources */,
				DBE7376514F9A09D0076D2B6 /* SCCellActions.m in Sources */,
				DBE7376714F9A09D0076D2B6 /* SCClassDefinition.m in Sources */,
				DBE7376914F9A09D0076D2B6 /* SCGlobals.m in Sources */,
				DBE7376B14F9A09D0076D2B6 /* SCPropertyAttributes.m in Sources */,
				DBE7376D14F9A09D0076D2B6 /* SCTableViewCell.m in Sources */,
				DBE7376F14F9A09D0076D2B6 /* SCTableViewController.m in Sources */,
				DBE7377114F9A09D0076D2B6 /* SCTableViewModel.m in Sources */,
				DBE7377314F9A09D0076D2B6 /* SCTableViewSection.m in Sources */,
				DBE7377514F9A09D0076D2B6 /* SCViewController.m in Sources */,
				DBE7379E14F9AFDF0076D2B6 /* SCDataDefinition.m in Sources */,
				DBE737AF14FC23E80076D2B6 /* SCDictionaryDefinition.m in Sources */,
				DBE737B314FC4B0E0076D2B6 /* SCStringDefinition.m in Sources */,
				DBE7382E14FD65940076D2B6 /* SCDataStore.m in Sources */,
				DBE7383214FD7FE20076D2B6 /* SCMemoryStore.m in Sources */,
				DBE7384014FEB7E60076D2B6 /* SCPropertyDefinition.m in Sources */,
				DBE7384F150045900076D2B6 /* SCDataFetchOptions.m in Sources */,
				DBE22BB9150ACFC10081FB81 /* SCSectionActions.m in Sources */,
				DBE22BEF150C140C0081FB81 /* SCPullToRefreshView.m in Sources */,
				DB308427151A8732006EAF84 /* SCDetailViewControllerOptions.m in Sources */,
				DBAF8295151C420E00429E15 /* SCViewControllerActions.m in Sources */,
				DBAF8299151C447A00429E15 /* SCTableViewControllerActions.m in Sources */,
				DBAF82A2151D69FF00429E15 /* SCFetchItemsCell.m in Sources */,
				DBAF82A6151D794A00429E15 /* SCExpandCollapseCell.m in Sources */,
				DBC08F97152020F000DEBB21 /* SCTheme.m in Sources */,
				DBC09720152D5CA500FC8FCE /* SCUserDefaultsDefinition.m in Sources */,
				DBC09727152D5E4C00FC8FCE /* SCUserDefaultsStore.m in Sources */,
				DB0FCCE3152FBDE100E17D97 /* SCInputAccessoryView.m in Sources */,
				DBCAAE5015622EA7009E6765 /* SCModelActions.m in Sources */,
				DB39EA2B15B5F9BB002E8C10 /* SCDateDefinition.m in Sources */,
				DB39EA3015B60201002E8C10 /* SCNumberDefinition.m in Sources */,
				DBD7B42117164CBC006873A2 /* SCSearchViewController.m in Sources */,
			);
			runOnlyForDeploymentPostprocessing = 0;
		};
/* End PBXSourcesBuildPhase section */

/* Begin PBXTargetDependency section */
		DBE7374914F9A0110076D2B6 /* PBXTargetDependency */ = {
			isa = PBXTargetDependency;
			target = DBE7372F14F99E580076D2B6 /* SensibleTableView */;
			targetProxy = DBE7374814F9A0110076D2B6 /* PBXContainerItemProxy */;
		};
/* End PBXTargetDependency section */

/* Begin XCBuildConfiguration section */
		DBE7373B14F99E590076D2B6 /* Debug */ = {
			isa = XCBuildConfiguration;
			buildSettings = {
				ALWAYS_SEARCH_USER_PATHS = NO;
				ARCHS = "$(ARCHS_STANDARD_INCLUDING_64_BIT)";
				CLANG_ENABLE_OBJC_ARC = YES;
				CLANG_STATIC_ANALYZER_MODE = deep;
				CLANG_WARN_CONSTANT_CONVERSION = YES;
				CLANG_WARN_DEPRECATED_OBJC_IMPLEMENTATIONS = YES;
				CLANG_WARN_ENUM_CONVERSION = YES;
				CLANG_WARN_IMPLICIT_SIGN_CONVERSION = NO;
				CLANG_WARN_INT_CONVERSION = YES;
				CLANG_WARN_OBJC_IMPLICIT_ATOMIC_PROPERTIES = YES;
				CLANG_WARN_SUSPICIOUS_IMPLICIT_CONVERSION = NO;
				CLANG_WARN__DUPLICATE_METHOD_MATCH = YES;
				COPY_PHASE_STRIP = NO;
				DEAD_CODE_STRIPPING = NO;
				GCC_C_LANGUAGE_STANDARD = gnu99;
				GCC_DYNAMIC_NO_PIC = NO;
				GCC_OPTIMIZATION_LEVEL = 0;
				GCC_PREPROCESSOR_DEFINITIONS = (
					"DEBUG=1",
					"$(inherited)",
				);
				GCC_SYMBOLS_PRIVATE_EXTERN = NO;
				GCC_TREAT_INCOMPATIBLE_POINTER_TYPE_WARNINGS_AS_ERRORS = YES;
				GCC_VERSION = "";
				GCC_WARN_64_TO_32_BIT_CONVERSION = YES;
				GCC_WARN_ABOUT_POINTER_SIGNEDNESS = YES;
				GCC_WARN_ABOUT_RETURN_TYPE = YES;
				GCC_WARN_INITIALIZER_NOT_FULLY_BRACKETED = YES;
				GCC_WARN_SHADOW = YES;
				GCC_WARN_SIGN_COMPARE = NO;
				GCC_WARN_STRICT_SELECTOR_MATCH = YES;
				GCC_WARN_UNDECLARED_SELECTOR = YES;
				GCC_WARN_UNINITIALIZED_AUTOS = YES;
				GCC_WARN_UNUSED_VARIABLE = YES;
				IPHONEOS_DEPLOYMENT_TARGET = 6.0;
				PUBLIC_HEADERS_FOLDER_PATH = Headers;
				RUN_CLANG_STATIC_ANALYZER = YES;
				SDKROOT = iphoneos;
				STRIP_STYLE = "non-global";
			};
			name = Debug;
		};
		DBE7373C14F99E590076D2B6 /* Release */ = {
			isa = XCBuildConfiguration;
			buildSettings = {
				ALWAYS_SEARCH_USER_PATHS = NO;
				ARCHS = "$(ARCHS_STANDARD_INCLUDING_64_BIT)";
				CLANG_ENABLE_OBJC_ARC = YES;
				CLANG_STATIC_ANALYZER_MODE = deep;
				CLANG_WARN_CONSTANT_CONVERSION = YES;
				CLANG_WARN_DEPRECATED_OBJC_IMPLEMENTATIONS = YES;
				CLANG_WARN_ENUM_CONVERSION = YES;
				CLANG_WARN_IMPLICIT_SIGN_CONVERSION = NO;
				CLANG_WARN_INT_CONVERSION = YES;
				CLANG_WARN_OBJC_IMPLICIT_ATOMIC_PROPERTIES = YES;
				CLANG_WARN_SUSPICIOUS_IMPLICIT_CONVERSION = NO;
				CLANG_WARN__DUPLICATE_METHOD_MATCH = YES;
				COPY_PHASE_STRIP = NO;
				DEAD_CODE_STRIPPING = NO;
				GCC_C_LANGUAGE_STANDARD = gnu99;
				GCC_TREAT_INCOMPATIBLE_POINTER_TYPE_WARNINGS_AS_ERRORS = YES;
				GCC_VERSION = "";
				GCC_WARN_64_TO_32_BIT_CONVERSION = YES;
				GCC_WARN_ABOUT_POINTER_SIGNEDNESS = YES;
				GCC_WARN_ABOUT_RETURN_TYPE = YES;
				GCC_WARN_INITIALIZER_NOT_FULLY_BRACKETED = YES;
				GCC_WARN_SHADOW = YES;
				GCC_WARN_SIGN_COMPARE = NO;
				GCC_WARN_STRICT_SELECTOR_MATCH = YES;
				GCC_WARN_UNDECLARED_SELECTOR = YES;
				GCC_WARN_UNINITIALIZED_AUTOS = YES;
				GCC_WARN_UNUSED_VARIABLE = YES;
				IPHONEOS_DEPLOYMENT_TARGET = 6.0;
				PUBLIC_HEADERS_FOLDER_PATH = Headers;
				RUN_CLANG_STATIC_ANALYZER = YES;
				SDKROOT = iphoneos;
				STRIP_STYLE = "non-global";
				VALIDATE_PRODUCT = YES;
			};
			name = Release;
		};
		DBE7373E14F99E590076D2B6 /* Debug */ = {
			isa = XCBuildConfiguration;
			buildSettings = {
				DSTROOT = /tmp/SensibleTableView.dst;
				GCC_PRECOMPILE_PREFIX_HEADER = YES;
				GCC_PREFIX_HEADER = "SensibleTableView/SensibleTableView-Prefix.pch";
				GCC_VERSION = "";
				OTHER_LDFLAGS = "-ObjC";
				PRODUCT_NAME = "$(TARGET_NAME)";
				SKIP_INSTALL = YES;
			};
			name = Debug;
		};
		DBE7373F14F99E590076D2B6 /* Release */ = {
			isa = XCBuildConfiguration;
			buildSettings = {
				DSTROOT = /tmp/SensibleTableView.dst;
				GCC_PRECOMPILE_PREFIX_HEADER = YES;
				GCC_PREFIX_HEADER = "SensibleTableView/SensibleTableView-Prefix.pch";
				GCC_VERSION = "";
				OTHER_LDFLAGS = "-ObjC";
				PRODUCT_NAME = "$(TARGET_NAME)";
				SKIP_INSTALL = YES;
			};
			name = Release;
		};
		DBE7374614F9A0070076D2B6 /* Debug */ = {
			isa = XCBuildConfiguration;
			buildSettings = {
				GCC_VERSION = "";
				PRODUCT_NAME = "$(TARGET_NAME)";
			};
			name = Debug;
		};
		DBE7374714F9A0070076D2B6 /* Release */ = {
			isa = XCBuildConfiguration;
			buildSettings = {
				GCC_VERSION = "";
				PRODUCT_NAME = "$(TARGET_NAME)";
			};
			name = Release;
		};
/* End XCBuildConfiguration section */

/* Begin XCConfigurationList section */
		DBE7372A14F99E580076D2B6 /* Build configuration list for PBXProject "SensibleTableView" */ = {
			isa = XCConfigurationList;
			buildConfigurations = (
				DBE7373B14F99E590076D2B6 /* Debug */,
				DBE7373C14F99E590076D2B6 /* Release */,
			);
			defaultConfigurationIsVisible = 0;
			defaultConfigurationName = Release;
		};
		DBE7373D14F99E590076D2B6 /* Build configuration list for PBXNativeTarget "SensibleTableView" */ = {
			isa = XCConfigurationList;
			buildConfigurations = (
				DBE7373E14F99E590076D2B6 /* Debug */,
				DBE7373F14F99E590076D2B6 /* Release */,
			);
			defaultConfigurationIsVisible = 0;
			defaultConfigurationName = Release;
		};
		DBE7374514F9A0070076D2B6 /* Build configuration list for PBXAggregateTarget "Framework" */ = {
			isa = XCConfigurationList;
			buildConfigurations = (
				DBE7374614F9A0070076D2B6 /* Debug */,
				DBE7374714F9A0070076D2B6 /* Release */,
			);
			defaultConfigurationIsVisible = 0;
			defaultConfigurationName = Release;
		};
/* End XCConfigurationList section */
	};
	rootObject = DBE7372714F99E580076D2B6 /* Project object */;
}
