// !$*UTF8*$!
{
	archiveVersion = 1;
	classes = {
	};
	objectVersion = 46;
	objects = {

/* Begin PBXBuildFile section */
		B5B842BF1A97387200A20E7B /* FAQTableViewCell.m in Sources */ = {isa = PBXBuildFile; fileRef = B5B842BD1A97387200A20E7B /* FAQTableViewCell.m */; };
		B5B842C01A97387200A20E7B /* FAQTableViewCell.xib in Resources */ = {isa = PBXBuildFile; fileRef = B5B842BE1A97387200A20E7B /* FAQTableViewCell.xib */; };
		B5B842C21A97593C00A20E7B /* SideBackMenu.png in Resources */ = {isa = PBXBuildFile; fileRef = B5B842C11A97593C00A20E7B /* SideBackMenu.png */; };
		B71448A01A97099400F4CF39 /* MainViewCell.m in Sources */ = {isa = PBXBuildFile; fileRef = B714489E1A97099400F4CF39 /* MainViewCell.m */; };
		B71448A11A97099400F4CF39 /* MainViewCell.xib in Resources */ = {isa = PBXBuildFile; fileRef = B714489F1A97099400F4CF39 /* MainViewCell.xib */; };
		B71448A61A970A3B00F4CF39 /* VideosCellTableViewCell.m in Sources */ = {isa = PBXBuildFile; fileRef = B71448A41A970A3B00F4CF39 /* VideosCellTableViewCell.m */; };
		B71448A71A970A3B00F4CF39 /* VideosCellTableViewCell.xib in Resources */ = {isa = PBXBuildFile; fileRef = B71448A51A970A3B00F4CF39 /* VideosCellTableViewCell.xib */; };
		B71448AA1A972EB400F4CF39 /* WorkInProgres.jpg in Resources */ = {isa = PBXBuildFile; fileRef = B71448A91A972EB400F4CF39 /* WorkInProgres.jpg */; };
		B71448AC1A97349300F4CF39 /* MediaPlayer.framework in Frameworks */ = {isa = PBXBuildFile; fileRef = B71448AB1A97349300F4CF39 /* MediaPlayer.framework */; };
		B71448AF1A9734F100F4CF39 /* VideoplayerViewController.m in Sources */ = {isa = PBXBuildFile; fileRef = B71448AE1A9734F100F4CF39 /* VideoplayerViewController.m */; };
		B7154E1A1A5FAAD0007D12AD /* main.m in Sources */ = {isa = PBXBuildFile; fileRef = B7154E191A5FAAD0007D12AD /* main.m */; };
		B7154E1D1A5FAAD0007D12AD /* AppDelegate.m in Sources */ = {isa = PBXBuildFile; fileRef = B7154E1C1A5FAAD0007D12AD /* AppDelegate.m */; };
		B7154E201A5FAAD0007D12AD /* GatewayConference.xcdatamodeld in Sources */ = {isa = PBXBuildFile; fileRef = B7154E1E1A5FAAD0007D12AD /* GatewayConference.xcdatamodeld */; };
		B7154E261A5FAAD0007D12AD /* Main.storyboard in Resources */ = {isa = PBXBuildFile; fileRef = B7154E241A5FAAD0007D12AD /* Main.storyboard */; };
		B7154E281A5FAAD0007D12AD /* Images.xcassets in Resources */ = {isa = PBXBuildFile; fileRef = B7154E271A5FAAD0007D12AD /* Images.xcassets */; };
		B7154E2B1A5FAAD0007D12AD /* LaunchScreen.xib in Resources */ = {isa = PBXBuildFile; fileRef = B7154E291A5FAAD0007D12AD /* LaunchScreen.xib */; };
		B7154E371A5FAAD0007D12AD /* GatewayConferenceTests.m in Sources */ = {isa = PBXBuildFile; fileRef = B7154E361A5FAAD0007D12AD /* GatewayConferenceTests.m */; };
		B7154E471A5FB09D007D12AD /* AppConstants.m in Sources */ = {isa = PBXBuildFile; fileRef = B7154E461A5FB09D007D12AD /* AppConstants.m */; };
		B7154E531A5FB62A007D12AD /* GCSharedClass.m in Sources */ = {isa = PBXBuildFile; fileRef = B7154E521A5FB62A007D12AD /* GCSharedClass.m */; };
		B766CD201A95FED400A03EAB /* SlideViewController.m in Sources */ = {isa = PBXBuildFile; fileRef = B766CD1F1A95FED400A03EAB /* SlideViewController.m */; };
		B766CD271A9605D500A03EAB /* FAQViewController.m in Sources */ = {isa = PBXBuildFile; fileRef = B766CD231A9605D500A03EAB /* FAQViewController.m */; };
		B766CD281A9605D500A03EAB /* VideosViewController.m in Sources */ = {isa = PBXBuildFile; fileRef = B766CD261A9605D500A03EAB /* VideosViewController.m */; };
		B7F5AE141A95EA0C007D898F /* GCModel.m in Sources */ = {isa = PBXBuildFile; fileRef = B7F5ADD51A95EA0C007D898F /* GCModel.m */; };
		B7F5AE151A95EA0C007D898F /* POIViewController.m in Sources */ = {isa = PBXBuildFile; fileRef = B7F5ADD91A95EA0C007D898F /* POIViewController.m */; };
		B7F5AE161A95EA0C007D898F /* PopOverViewController.m in Sources */ = {isa = PBXBuildFile; fileRef = B7F5ADDB1A95EA0C007D898F /* PopOverViewController.m */; };
		B7F5AE261A95EA0C007D898F /* AttendiesListViewController.m in Sources */ = {isa = PBXBuildFile; fileRef = B7F5ADFE1A95EA0C007D898F /* AttendiesListViewController.m */; };
		B7F5AE271A95EA0C007D898F /* HomeViewController.m in Sources */ = {isa = PBXBuildFile; fileRef = B7F5AE011A95EA0C007D898F /* HomeViewController.m */; };
		B7F5AE2A1A95EA0C007D898F /* SessionsViewController.m in Sources */ = {isa = PBXBuildFile; fileRef = B7F5AE081A95EA0C007D898F /* SessionsViewController.m */; };
		B7F5AE2B1A95EA0C007D898F /* SpeakerDetailsViewController.m in Sources */ = {isa = PBXBuildFile; fileRef = B7F5AE0B1A95EA0C007D898F /* SpeakerDetailsViewController.m */; };
		B7F5AE2C1A95EA0C007D898F /* SpeakersViewController.m in Sources */ = {isa = PBXBuildFile; fileRef = B7F5AE0D1A95EA0C007D898F /* SpeakersViewController.m */; };
		B7F5AE2D1A95EA0C007D898F /* SponsorsViewController.m in Sources */ = {isa = PBXBuildFile; fileRef = B7F5AE101A95EA0C007D898F /* SponsorsViewController.m */; };
		B7F5AE2E1A95EA0C007D898F /* SurveyViewController.m in Sources */ = {isa = PBXBuildFile; fileRef = B7F5AE131A95EA0C007D898F /* SurveyViewController.m */; };
		B7F5AE341A95EA43007D898F /* Placeholder.jpeg in Resources */ = {isa = PBXBuildFile; fileRef = B7F5AE331A95EA43007D898F /* Placeholder.jpeg */; };
		B7F5AE391A95EEC5007D898F /* Background.png in Resources */ = {isa = PBXBuildFile; fileRef = B7F5AE381A95EEC5007D898F /* Background.png */; };
		FCAEDCF6F038909B59BB2DCD /* libPods.a in Frameworks */ = {isa = PBXBuildFile; fileRef = 6B33C8356A63C9D9D6AEF318 /* libPods.a */; };
/* End PBXBuildFile section */

/* Begin PBXContainerItemProxy section */
		B7154E311A5FAAD0007D12AD /* PBXContainerItemProxy */ = {
			isa = PBXContainerItemProxy;
			containerPortal = B7154E0C1A5FAAD0007D12AD /* Project object */;
			proxyType = 1;
			remoteGlobalIDString = B7154E131A5FAAD0007D12AD;
			remoteInfo = GatewayConference;
		};
/* End PBXContainerItemProxy section */

/* Begin PBXFileReference section */
		0D6D92A0A38A91BBB19AC42A /* Pods.debug.xcconfig */ = {isa = PBXFileReference; includeInIndex = 1; lastKnownFileType = text.xcconfig; name = Pods.debug.xcconfig; path = "Pods/Target Support Files/Pods/Pods.debug.xcconfig"; sourceTree = "<group>"; };
		2AA38805CC4A2C5574697FBF /* Pods.release.xcconfig */ = {isa = PBXFileReference; includeInIndex = 1; lastKnownFileType = text.xcconfig; name = Pods.release.xcconfig; path = "Pods/Target Support Files/Pods/Pods.release.xcconfig"; sourceTree = "<group>"; };
		6B33C8356A63C9D9D6AEF318 /* libPods.a */ = {isa = PBXFileReference; explicitFileType = archive.ar; includeInIndex = 0; path = libPods.a; sourceTree = BUILT_PRODUCTS_DIR; };
		B5B842BC1A97387200A20E7B /* FAQTableViewCell.h */ = {isa = PBXFileReference; fileEncoding = 4; lastKnownFileType = sourcecode.c.h; path = FAQTableViewCell.h; sourceTree = "<group>"; };
		B5B842BD1A97387200A20E7B /* FAQTableViewCell.m */ = {isa = PBXFileReference; fileEncoding = 4; lastKnownFileType = sourcecode.c.objc; path = FAQTableViewCell.m; sourceTree = "<group>"; };
		B5B842BE1A97387200A20E7B /* FAQTableViewCell.xib */ = {isa = PBXFileReference; fileEncoding = 4; lastKnownFileType = file.xib; path = FAQTableViewCell.xib; sourceTree = "<group>"; };
		B5B842C11A97593C00A20E7B /* SideBackMenu.png */ = {isa = PBXFileReference; lastKnownFileType = image.png; path = SideBackMenu.png; sourceTree = "<group>"; };
		B714489D1A97099400F4CF39 /* MainViewCell.h */ = {isa = PBXFileReference; fileEncoding = 4; lastKnownFileType = sourcecode.c.h; path = MainViewCell.h; sourceTree = "<group>"; };
		B714489E1A97099400F4CF39 /* MainViewCell.m */ = {isa = PBXFileReference; fileEncoding = 4; lastKnownFileType = sourcecode.c.objc; path = MainViewCell.m; sourceTree = "<group>"; };
		B714489F1A97099400F4CF39 /* MainViewCell.xib */ = {isa = PBXFileReference; fileEncoding = 4; lastKnownFileType = file.xib; path = MainViewCell.xib; sourceTree = "<group>"; };
		B71448A31A970A3B00F4CF39 /* VideosCellTableViewCell.h */ = {isa = PBXFileReference; fileEncoding = 4; lastKnownFileType = sourcecode.c.h; path = VideosCellTableViewCell.h; sourceTree = "<group>"; };
		B71448A41A970A3B00F4CF39 /* VideosCellTableViewCell.m */ = {isa = PBXFileReference; fileEncoding = 4; lastKnownFileType = sourcecode.c.objc; path = VideosCellTableViewCell.m; sourceTree = "<group>"; };
		B71448A51A970A3B00F4CF39 /* VideosCellTableViewCell.xib */ = {isa = PBXFileReference; fileEncoding = 4; lastKnownFileType = file.xib; path = VideosCellTableViewCell.xib; sourceTree = "<group>"; };
		B71448A91A972EB400F4CF39 /* WorkInProgres.jpg */ = {isa = PBXFileReference; lastKnownFileType = image.jpeg; path = WorkInProgres.jpg; sourceTree = "<group>"; };
		B71448AB1A97349300F4CF39 /* MediaPlayer.framework */ = {isa = PBXFileReference; lastKnownFileType = wrapper.framework; name = MediaPlayer.framework; path = System/Library/Frameworks/MediaPlayer.framework; sourceTree = SDKROOT; };
		B71448AD1A9734F100F4CF39 /* VideoplayerViewController.h */ = {isa = PBXFileReference; fileEncoding = 4; lastKnownFileType = sourcecode.c.h; path = VideoplayerViewController.h; sourceTree = "<group>"; };
		B71448AE1A9734F100F4CF39 /* VideoplayerViewController.m */ = {isa = PBXFileReference; fileEncoding = 4; lastKnownFileType = sourcecode.c.objc; path = VideoplayerViewController.m; sourceTree = "<group>"; };
		B7154E141A5FAAD0007D12AD /* GatewayConference.app */ = {isa = PBXFileReference; explicitFileType = wrapper.application; includeInIndex = 0; path = GatewayConference.app; sourceTree = BUILT_PRODUCTS_DIR; };
		B7154E181A5FAAD0007D12AD /* Info.plist */ = {isa = PBXFileReference; lastKnownFileType = text.plist.xml; path = Info.plist; sourceTree = "<group>"; };
		B7154E191A5FAAD0007D12AD /* main.m */ = {isa = PBXFileReference; lastKnownFileType = sourcecode.c.objc; path = main.m; sourceTree = "<group>"; };
		B7154E1B1A5FAAD0007D12AD /* AppDelegate.h */ = {isa = PBXFileReference; lastKnownFileType = sourcecode.c.h; path = AppDelegate.h; sourceTree = "<group>"; };
		B7154E1C1A5FAAD0007D12AD /* AppDelegate.m */ = {isa = PBXFileReference; lastKnownFileType = sourcecode.c.objc; path = AppDelegate.m; sourceTree = "<group>"; };
		B7154E1F1A5FAAD0007D12AD /* GatewayConference.xcdatamodel */ = {isa = PBXFileReference; lastKnownFileType = wrapper.xcdatamodel; path = GatewayConference.xcdatamodel; sourceTree = "<group>"; };
		B7154E251A5FAAD0007D12AD /* Base */ = {isa = PBXFileReference; lastKnownFileType = file.storyboard; name = Base; path = Base.lproj/Main.storyboard; sourceTree = "<group>"; };
		B7154E271A5FAAD0007D12AD /* Images.xcassets */ = {isa = PBXFileReference; lastKnownFileType = folder.assetcatalog; path = Images.xcassets; sourceTree = "<group>"; };
		B7154E2A1A5FAAD0007D12AD /* Base */ = {isa = PBXFileReference; lastKnownFileType = file.xib; name = Base; path = Base.lproj/LaunchScreen.xib; sourceTree = "<group>"; };
		B7154E301A5FAAD0007D12AD /* GatewayConferenceTests.xctest */ = {isa = PBXFileReference; explicitFileType = wrapper.cfbundle; includeInIndex = 0; path = GatewayConferenceTests.xctest; sourceTree = BUILT_PRODUCTS_DIR; };
		B7154E351A5FAAD0007D12AD /* Info.plist */ = {isa = PBXFileReference; lastKnownFileType = text.plist.xml; path = Info.plist; sourceTree = "<group>"; };
		B7154E361A5FAAD0007D12AD /* GatewayConferenceTests.m */ = {isa = PBXFileReference; lastKnownFileType = sourcecode.c.objc; path = GatewayConferenceTests.m; sourceTree = "<group>"; };
		B7154E451A5FB09D007D12AD /* AppConstants.h */ = {isa = PBXFileReference; fileEncoding = 4; lastKnownFileType = sourcecode.c.h; path = AppConstants.h; sourceTree = "<group>"; };
		B7154E461A5FB09D007D12AD /* AppConstants.m */ = {isa = PBXFileReference; fileEncoding = 4; lastKnownFileType = sourcecode.c.objc; path = AppConstants.m; sourceTree = "<group>"; };
		B7154E491A5FB3EE007D12AD /* GatewayConference-Prefix.pch */ = {isa = PBXFileReference; lastKnownFileType = sourcecode.c.h; path = "GatewayConference-Prefix.pch"; sourceTree = "<group>"; };
		B7154E511A5FB62A007D12AD /* GCSharedClass.h */ = {isa = PBXFileReference; fileEncoding = 4; lastKnownFileType = sourcecode.c.h; path = GCSharedClass.h; sourceTree = "<group>"; };
		B7154E521A5FB62A007D12AD /* GCSharedClass.m */ = {isa = PBXFileReference; fileEncoding = 4; lastKnownFileType = sourcecode.c.objc; path = GCSharedClass.m; sourceTree = "<group>"; };
		B766CD1E1A95FED400A03EAB /* SlideViewController.h */ = {isa = PBXFileReference; fileEncoding = 4; lastKnownFileType = sourcecode.c.h; path = SlideViewController.h; sourceTree = "<group>"; };
		B766CD1F1A95FED400A03EAB /* SlideViewController.m */ = {isa = PBXFileReference; fileEncoding = 4; lastKnownFileType = sourcecode.c.objc; path = SlideViewController.m; sourceTree = "<group>"; };
		B766CD221A9605D500A03EAB /* FAQViewController.h */ = {isa = PBXFileReference; fileEncoding = 4; lastKnownFileType = sourcecode.c.h; path = FAQViewController.h; sourceTree = "<group>"; };
		B766CD231A9605D500A03EAB /* FAQViewController.m */ = {isa = PBXFileReference; fileEncoding = 4; lastKnownFileType = sourcecode.c.objc; path = FAQViewController.m; sourceTree = "<group>"; };
		B766CD251A9605D500A03EAB /* VideosViewController.h */ = {isa = PBXFileReference; fileEncoding = 4; lastKnownFileType = sourcecode.c.h; path = VideosViewController.h; sourceTree = "<group>"; };
		B766CD261A9605D500A03EAB /* VideosViewController.m */ = {isa = PBXFileReference; fileEncoding = 4; lastKnownFileType = sourcecode.c.objc; path = VideosViewController.m; sourceTree = "<group>"; };
		B7F5ADD41A95EA0C007D898F /* GCModel.h */ = {isa = PBXFileReference; fileEncoding = 4; lastKnownFileType = sourcecode.c.h; path = GCModel.h; sourceTree = "<group>"; };
		B7F5ADD51A95EA0C007D898F /* GCModel.m */ = {isa = PBXFileReference; fileEncoding = 4; lastKnownFileType = sourcecode.c.objc; path = GCModel.m; sourceTree = "<group>"; };
		B7F5ADD81A95EA0C007D898F /* POIViewController.h */ = {isa = PBXFileReference; fileEncoding = 4; lastKnownFileType = sourcecode.c.h; path = POIViewController.h; sourceTree = "<group>"; };
		B7F5ADD91A95EA0C007D898F /* POIViewController.m */ = {isa = PBXFileReference; fileEncoding = 4; lastKnownFileType = sourcecode.c.objc; path = POIViewController.m; sourceTree = "<group>"; };
		B7F5ADDA1A95EA0C007D898F /* PopOverViewController.h */ = {isa = PBXFileReference; fileEncoding = 4; lastKnownFileType = sourcecode.c.h; path = PopOverViewController.h; sourceTree = "<group>"; };
		B7F5ADDB1A95EA0C007D898F /* PopOverViewController.m */ = {isa = PBXFileReference; fileEncoding = 4; lastKnownFileType = sourcecode.c.objc; path = PopOverViewController.m; sourceTree = "<group>"; };
		B7F5ADFD1A95EA0C007D898F /* AttendiesListViewController.h */ = {isa = PBXFileReference; fileEncoding = 4; lastKnownFileType = sourcecode.c.h; path = AttendiesListViewController.h; sourceTree = "<group>"; };
		B7F5ADFE1A95EA0C007D898F /* AttendiesListViewController.m */ = {isa = PBXFileReference; fileEncoding = 4; lastKnownFileType = sourcecode.c.objc; path = AttendiesListViewController.m; sourceTree = "<group>"; };
		B7F5AE001A95EA0C007D898F /* HomeViewController.h */ = {isa = PBXFileReference; fileEncoding = 4; lastKnownFileType = sourcecode.c.h; path = HomeViewController.h; sourceTree = "<group>"; };
		B7F5AE011A95EA0C007D898F /* HomeViewController.m */ = {isa = PBXFileReference; fileEncoding = 4; lastKnownFileType = sourcecode.c.objc; path = HomeViewController.m; sourceTree = "<group>"; };
		B7F5AE071A95EA0C007D898F /* SessionsViewController.h */ = {isa = PBXFileReference; fileEncoding = 4; lastKnownFileType = sourcecode.c.h; path = SessionsViewController.h; sourceTree = "<group>"; };
		B7F5AE081A95EA0C007D898F /* SessionsViewController.m */ = {isa = PBXFileReference; fileEncoding = 4; lastKnownFileType = sourcecode.c.objc; path = SessionsViewController.m; sourceTree = "<group>"; };
		B7F5AE0A1A95EA0C007D898F /* SpeakerDetailsViewController.h */ = {isa = PBXFileReference; fileEncoding = 4; lastKnownFileType = sourcecode.c.h; path = SpeakerDetailsViewController.h; sourceTree = "<group>"; };
		B7F5AE0B1A95EA0C007D898F /* SpeakerDetailsViewController.m */ = {isa = PBXFileReference; fileEncoding = 4; lastKnownFileType = sourcecode.c.objc; path = SpeakerDetailsViewController.m; sourceTree = "<group>"; };
		B7F5AE0C1A95EA0C007D898F /* SpeakersViewController.h */ = {isa = PBXFileReference; fileEncoding = 4; lastKnownFileType = sourcecode.c.h; path = SpeakersViewController.h; sourceTree = "<group>"; };
		B7F5AE0D1A95EA0C007D898F /* SpeakersViewController.m */ = {isa = PBXFileReference; fileEncoding = 4; lastKnownFileType = sourcecode.c.objc; path = SpeakersViewController.m; sourceTree = "<group>"; };
		B7F5AE0F1A95EA0C007D898F /* SponsorsViewController.h */ = {isa = PBXFileReference; fileEncoding = 4; lastKnownFileType = sourcecode.c.h; path = SponsorsViewController.h; sourceTree = "<group>"; };
		B7F5AE101A95EA0C007D898F /* SponsorsViewController.m */ = {isa = PBXFileReference; fileEncoding = 4; lastKnownFileType = sourcecode.c.objc; path = SponsorsViewController.m; sourceTree = "<group>"; };
		B7F5AE121A95EA0C007D898F /* SurveyViewController.h */ = {isa = PBXFileReference; fileEncoding = 4; lastKnownFileType = sourcecode.c.h; path = SurveyViewController.h; sourceTree = "<group>"; };
		B7F5AE131A95EA0C007D898F /* SurveyViewController.m */ = {isa = PBXFileReference; fileEncoding = 4; lastKnownFileType = sourcecode.c.objc; path = SurveyViewController.m; sourceTree = "<group>"; };
		B7F5AE331A95EA43007D898F /* Placeholder.jpeg */ = {isa = PBXFileReference; lastKnownFileType = image.jpeg; path = Placeholder.jpeg; sourceTree = "<group>"; };
		B7F5AE381A95EEC5007D898F /* Background.png */ = {isa = PBXFileReference; lastKnownFileType = image.png; path = Background.png; sourceTree = "<group>"; };
/* End PBXFileReference section */

/* Begin PBXFrameworksBuildPhase section */
		B7154E111A5FAAD0007D12AD /* Frameworks */ = {
			isa = PBXFrameworksBuildPhase;
			buildActionMask = 2147483647;
			files = (
				B71448AC1A97349300F4CF39 /* MediaPlayer.framework in Frameworks */,
				FCAEDCF6F038909B59BB2DCD /* libPods.a in Frameworks */,
			);
			runOnlyForDeploymentPostprocessing = 0;
		};
		B7154E2D1A5FAAD0007D12AD /* Frameworks */ = {
			isa = PBXFrameworksBuildPhase;
			buildActionMask = 2147483647;
			files = (
			);
			runOnlyForDeploymentPostprocessing = 0;
		};
/* End PBXFrameworksBuildPhase section */

/* Begin PBXGroup section */
		0EAF706CCA2E588337A387BE /* Frameworks */ = {
			isa = PBXGroup;
			children = (
				B71448AB1A97349300F4CF39 /* MediaPlayer.framework */,
				6B33C8356A63C9D9D6AEF318 /* libPods.a */,
			);
			name = Frameworks;
			sourceTree = "<group>";
		};
		58B41A4A2E3DEF66DF62115F /* Pods */ = {
			isa = PBXGroup;
			children = (
				0D6D92A0A38A91BBB19AC42A /* Pods.debug.xcconfig */,
				2AA38805CC4A2C5574697FBF /* Pods.release.xcconfig */,
			);
			name = Pods;
			sourceTree = "<group>";
		};
		B5B842BB1A97387200A20E7B /* FaqTableCell */ = {
			isa = PBXGroup;
			children = (
				B5B842BC1A97387200A20E7B /* FAQTableViewCell.h */,
				B5B842BD1A97387200A20E7B /* FAQTableViewCell.m */,
				B5B842BE1A97387200A20E7B /* FAQTableViewCell.xib */,
			);
			path = FaqTableCell;
			sourceTree = "<group>";
		};
		B714489B1A97099400F4CF39 /* Tablecells */ = {
			isa = PBXGroup;
			children = (
				B5B842BB1A97387200A20E7B /* FaqTableCell */,
				B71448A21A970A1D00F4CF39 /* VideosCell */,
				B714489C1A97099400F4CF39 /* MainviewCell */,
			);
			path = Tablecells;
			sourceTree = "<group>";
		};
		B714489C1A97099400F4CF39 /* MainviewCell */ = {
			isa = PBXGroup;
			children = (
				B714489D1A97099400F4CF39 /* MainViewCell.h */,
				B714489E1A97099400F4CF39 /* MainViewCell.m */,
				B714489F1A97099400F4CF39 /* MainViewCell.xib */,
			);
			path = MainviewCell;
			sourceTree = "<group>";
		};
		B71448A21A970A1D00F4CF39 /* VideosCell */ = {
			isa = PBXGroup;
			children = (
				B71448A31A970A3B00F4CF39 /* VideosCellTableViewCell.h */,
				B71448A41A970A3B00F4CF39 /* VideosCellTableViewCell.m */,
				B71448A51A970A3B00F4CF39 /* VideosCellTableViewCell.xib */,
			);
			path = VideosCell;
			sourceTree = "<group>";
		};
		B7154E0B1A5FAAD0007D12AD = {
			isa = PBXGroup;
			children = (
				B7154E161A5FAAD0007D12AD /* GatewayConference */,
				B7154E331A5FAAD0007D12AD /* GatewayConferenceTests */,
				B7154E151A5FAAD0007D12AD /* Products */,
				58B41A4A2E3DEF66DF62115F /* Pods */,
				0EAF706CCA2E588337A387BE /* Frameworks */,
			);
			sourceTree = "<group>";
		};
		B7154E151A5FAAD0007D12AD /* Products */ = {
			isa = PBXGroup;
			children = (
				B7154E141A5FAAD0007D12AD /* GatewayConference.app */,
				B7154E301A5FAAD0007D12AD /* GatewayConferenceTests.xctest */,
			);
			name = Products;
			sourceTree = "<group>";
		};
		B7154E161A5FAAD0007D12AD /* GatewayConference */ = {
			isa = PBXGroup;
			children = (
				B7154E1B1A5FAAD0007D12AD /* AppDelegate.h */,
				B7154E1C1A5FAAD0007D12AD /* AppDelegate.m */,
				B7154E441A5FB09D007D12AD /* Constants */,
				B7154E501A5FB62A007D12AD /* SharedClass */,
				B7F5ADD31A95EA0C007D898F /* Models */,
				B714489B1A97099400F4CF39 /* Tablecells */,
				B7F5ADD61A95EA0C007D898F /* Venders */,
				B7F5ADFB1A95EA0C007D898F /* Viewcontroller */,
				B7F5ADD21A95E9B0007D898F /* Storyboards */,
				B7154E171A5FAAD0007D12AD /* Supporting Files */,
			);
			path = GatewayConference;
			sourceTree = "<group>";
		};
		B7154E171A5FAAD0007D12AD /* Supporting Files */ = {
			isa = PBXGroup;
			children = (
				B7F5AE321A95EA26007D898F /* Images */,
				B7154E271A5FAAD0007D12AD /* Images.xcassets */,
				B7154E1E1A5FAAD0007D12AD /* GatewayConference.xcdatamodeld */,
				B7154E491A5FB3EE007D12AD /* GatewayConference-Prefix.pch */,
				B7154E181A5FAAD0007D12AD /* Info.plist */,
				B7154E191A5FAAD0007D12AD /* main.m */,
			);
			name = "Supporting Files";
			sourceTree = "<group>";
		};
		B7154E331A5FAAD0007D12AD /* GatewayConferenceTests */ = {
			isa = PBXGroup;
			children = (
				B7154E361A5FAAD0007D12AD /* GatewayConferenceTests.m */,
				B7154E341A5FAAD0007D12AD /* Supporting Files */,
			);
			path = GatewayConferenceTests;
			sourceTree = "<group>";
		};
		B7154E341A5FAAD0007D12AD /* Supporting Files */ = {
			isa = PBXGroup;
			children = (
				B7154E351A5FAAD0007D12AD /* Info.plist */,
			);
			name = "Supporting Files";
			sourceTree = "<group>";
		};
		B7154E441A5FB09D007D12AD /* Constants */ = {
			isa = PBXGroup;
			children = (
				B7154E451A5FB09D007D12AD /* AppConstants.h */,
				B7154E461A5FB09D007D12AD /* AppConstants.m */,
			);
			path = Constants;
			sourceTree = "<group>";
		};
		B7154E501A5FB62A007D12AD /* SharedClass */ = {
			isa = PBXGroup;
			children = (
				B7154E511A5FB62A007D12AD /* GCSharedClass.h */,
				B7154E521A5FB62A007D12AD /* GCSharedClass.m */,
			);
			path = SharedClass;
			sourceTree = "<group>";
		};
		B766CD1D1A95FED400A03EAB /* SideTable */ = {
			isa = PBXGroup;
			children = (
				B766CD1E1A95FED400A03EAB /* SlideViewController.h */,
				B766CD1F1A95FED400A03EAB /* SlideViewController.m */,
			);
			path = SideTable;
			sourceTree = "<group>";
		};
		B766CD211A9605D500A03EAB /* FAQ */ = {
			isa = PBXGroup;
			children = (
				B766CD221A9605D500A03EAB /* FAQViewController.h */,
				B766CD231A9605D500A03EAB /* FAQViewController.m */,
			);
			path = FAQ;
			sourceTree = "<group>";
		};
		B766CD241A9605D500A03EAB /* Videos */ = {
			isa = PBXGroup;
			children = (
				B766CD251A9605D500A03EAB /* VideosViewController.h */,
				B766CD261A9605D500A03EAB /* VideosViewController.m */,
				B71448AD1A9734F100F4CF39 /* VideoplayerViewController.h */,
				B71448AE1A9734F100F4CF39 /* VideoplayerViewController.m */,
			);
			path = Videos;
			sourceTree = "<group>";
		};
		B7F5ADD21A95E9B0007D898F /* Storyboards */ = {
			isa = PBXGroup;
			children = (
				B7154E241A5FAAD0007D12AD /* Main.storyboard */,
				B7154E291A5FAAD0007D12AD /* LaunchScreen.xib */,
			);
			name = Storyboards;
			sourceTree = "<group>";
		};
		B7F5ADD31A95EA0C007D898F /* Models */ = {
			isa = PBXGroup;
			children = (
				B7F5ADD41A95EA0C007D898F /* GCModel.h */,
				B7F5ADD51A95EA0C007D898F /* GCModel.m */,
			);
			path = Models;
			sourceTree = "<group>";
		};
		B7F5ADD61A95EA0C007D898F /* Venders */ = {
			isa = PBXGroup;
			children = (
				B7F5ADD71A95EA0C007D898F /* PopOverView */,
			);
			path = Venders;
			sourceTree = "<group>";
		};
		B7F5ADD71A95EA0C007D898F /* PopOverView */ = {
			isa = PBXGroup;
			children = (
				B7F5ADD81A95EA0C007D898F /* POIViewController.h */,
				B7F5ADD91A95EA0C007D898F /* POIViewController.m */,
				B7F5ADDA1A95EA0C007D898F /* PopOverViewController.h */,
				B7F5ADDB1A95EA0C007D898F /* PopOverViewController.m */,
			);
			path = PopOverView;
			sourceTree = "<group>";
		};
		B7F5ADFB1A95EA0C007D898F /* Viewcontroller */ = {
			isa = PBXGroup;
			children = (
				B766CD211A9605D500A03EAB /* FAQ */,
				B766CD241A9605D500A03EAB /* Videos */,
				B766CD1D1A95FED400A03EAB /* SideTable */,
				B7F5ADFC1A95EA0C007D898F /* AttendesList */,
				B7F5ADFF1A95EA0C007D898F /* HomeView */,
				B7F5AE061A95EA0C007D898F /* Sessions */,
				B7F5AE091A95EA0C007D898F /* Spekers */,
				B7F5AE0E1A95EA0C007D898F /* Sponsers */,
				B7F5AE111A95EA0C007D898F /* Survey */,
			);
			path = Viewcontroller;
			sourceTree = "<group>";
		};
		B7F5ADFC1A95EA0C007D898F /* AttendesList */ = {
			isa = PBXGroup;
			children = (
				B7F5ADFD1A95EA0C007D898F /* AttendiesListViewController.h */,
				B7F5ADFE1A95EA0C007D898F /* AttendiesListViewController.m */,
			);
			path = AttendesList;
			sourceTree = "<group>";
		};
		B7F5ADFF1A95EA0C007D898F /* HomeView */ = {
			isa = PBXGroup;
			children = (
				B7F5AE001A95EA0C007D898F /* HomeViewController.h */,
				B7F5AE011A95EA0C007D898F /* HomeViewController.m */,
			);
			path = HomeView;
			sourceTree = "<group>";
		};
		B7F5AE061A95EA0C007D898F /* Sessions */ = {
			isa = PBXGroup;
			children = (
				B7F5AE071A95EA0C007D898F /* SessionsViewController.h */,
				B7F5AE081A95EA0C007D898F /* SessionsViewController.m */,
			);
			path = Sessions;
			sourceTree = "<group>";
		};
		B7F5AE091A95EA0C007D898F /* Spekers */ = {
			isa = PBXGroup;
			children = (
				B7F5AE0C1A95EA0C007D898F /* SpeakersViewController.h */,
				B7F5AE0D1A95EA0C007D898F /* SpeakersViewController.m */,
				B7F5AE0A1A95EA0C007D898F /* SpeakerDetailsViewController.h */,
				B7F5AE0B1A95EA0C007D898F /* SpeakerDetailsViewController.m */,
			);
			path = Spekers;
			sourceTree = "<group>";
		};
		B7F5AE0E1A95EA0C007D898F /* Sponsers */ = {
			isa = PBXGroup;
			children = (
				B7F5AE0F1A95EA0C007D898F /* SponsorsViewController.h */,
				B7F5AE101A95EA0C007D898F /* SponsorsViewController.m */,
			);
			path = Sponsers;
			sourceTree = "<group>";
		};
		B7F5AE111A95EA0C007D898F /* Survey */ = {
			isa = PBXGroup;
			children = (
				B7F5AE121A95EA0C007D898F /* SurveyViewController.h */,
				B7F5AE131A95EA0C007D898F /* SurveyViewController.m */,
			);
			path = Survey;
			sourceTree = "<group>";
		};
		B7F5AE321A95EA26007D898F /* Images */ = {
			isa = PBXGroup;
			children = (
				B5B842C11A97593C00A20E7B /* SideBackMenu.png */,
				B71448A91A972EB400F4CF39 /* WorkInProgres.jpg */,
				B7F5AE381A95EEC5007D898F /* Background.png */,
				B7F5AE331A95EA43007D898F /* Placeholder.jpeg */,
			);
			path = Images;
			sourceTree = "<group>";
		};
/* End PBXGroup section */

/* Begin PBXNativeTarget section */
		B7154E131A5FAAD0007D12AD /* GatewayConference */ = {
			isa = PBXNativeTarget;
			buildConfigurationList = B7154E3A1A5FAAD0007D12AD /* Build configuration list for PBXNativeTarget "GatewayConference" */;
			buildPhases = (
				4E9F691ABB9197AF5A33ABCF /* Check Pods Manifest.lock */,
				B7154E101A5FAAD0007D12AD /* Sources */,
				B7154E111A5FAAD0007D12AD /* Frameworks */,
				B7154E121A5FAAD0007D12AD /* Resources */,
				B637BBBAB29E7538CD48A197 /* Copy Pods Resources */,
				B7F6773A1A9AF1FF00BB8765 /* ShellScript */,
			);
			buildRules = (
			);
			dependencies = (
			);
			name = GatewayConference;
			productName = GatewayConference;
			productReference = B7154E141A5FAAD0007D12AD /* GatewayConference.app */;
			productType = "com.apple.product-type.application";
		};
		B7154E2F1A5FAAD0007D12AD /* GatewayConferenceTests */ = {
			isa = PBXNativeTarget;
			buildConfigurationList = B7154E3D1A5FAAD0007D12AD /* Build configuration list for PBXNativeTarget "GatewayConferenceTests" */;
			buildPhases = (
				B7154E2C1A5FAAD0007D12AD /* Sources */,
				B7154E2D1A5FAAD0007D12AD /* Frameworks */,
				B7154E2E1A5FAAD0007D12AD /* Resources */,
			);
			buildRules = (
			);
			dependencies = (
				B7154E321A5FAAD0007D12AD /* PBXTargetDependency */,
			);
			name = GatewayConferenceTests;
			productName = GatewayConferenceTests;
			productReference = B7154E301A5FAAD0007D12AD /* GatewayConferenceTests.xctest */;
			productType = "com.apple.product-type.bundle.unit-test";
		};
/* End PBXNativeTarget section */

/* Begin PBXProject section */
		B7154E0C1A5FAAD0007D12AD /* Project object */ = {
			isa = PBXProject;
			attributes = {
				LastUpgradeCheck = 0610;
				ORGANIZATIONNAME = "Teja Swaroop";
				TargetAttributes = {
					B7154E131A5FAAD0007D12AD = {
						CreatedOnToolsVersion = 6.1;
						DevelopmentTeam = QEY6UXHPPV;
					};
					B7154E2F1A5FAAD0007D12AD = {
						CreatedOnToolsVersion = 6.1;
						DevelopmentTeam = QEY6UXHPPV;
						TestTargetID = B7154E131A5FAAD0007D12AD;
					};
				};
			};
			buildConfigurationList = B7154E0F1A5FAAD0007D12AD /* Build configuration list for PBXProject "GatewayConference" */;
			compatibilityVersion = "Xcode 3.2";
			developmentRegion = English;
			hasScannedForEncodings = 0;
			knownRegions = (
				en,
				Base,
			);
			mainGroup = B7154E0B1A5FAAD0007D12AD;
			productRefGroup = B7154E151A5FAAD0007D12AD /* Products */;
			projectDirPath = "";
			projectRoot = "";
			targets = (
				B7154E131A5FAAD0007D12AD /* GatewayConference */,
				B7154E2F1A5FAAD0007D12AD /* GatewayConferenceTests */,
			);
		};
/* End PBXProject section */

/* Begin PBXResourcesBuildPhase section */
		B7154E121A5FAAD0007D12AD /* Resources */ = {
			isa = PBXResourcesBuildPhase;
			buildActionMask = 2147483647;
			files = (
				B71448AA1A972EB400F4CF39 /* WorkInProgres.jpg in Resources */,
				B7154E261A5FAAD0007D12AD /* Main.storyboard in Resources */,
				B71448A11A97099400F4CF39 /* MainViewCell.xib in Resources */,
				B7154E2B1A5FAAD0007D12AD /* LaunchScreen.xib in Resources */,
				B5B842C21A97593C00A20E7B /* SideBackMenu.png in Resources */,
				B5B842C01A97387200A20E7B /* FAQTableViewCell.xib in Resources */,
				B7F5AE391A95EEC5007D898F /* Background.png in Resources */,
				B71448A71A970A3B00F4CF39 /* VideosCellTableViewCell.xib in Resources */,
				B7154E281A5FAAD0007D12AD /* Images.xcassets in Resources */,
				B7F5AE341A95EA43007D898F /* Placeholder.jpeg in Resources */,
			);
			runOnlyForDeploymentPostprocessing = 0;
		};
		B7154E2E1A5FAAD0007D12AD /* Resources */ = {
			isa = PBXResourcesBuildPhase;
			buildActionMask = 2147483647;
			files = (
			);
			runOnlyForDeploymentPostprocessing = 0;
		};
/* End PBXResourcesBuildPhase section */

/* Begin PBXShellScriptBuildPhase section */
		4E9F691ABB9197AF5A33ABCF /* Check Pods Manifest.lock */ = {
			isa = PBXShellScriptBuildPhase;
			buildActionMask = 2147483647;
			files = (
			);
			inputPaths = (
			);
			name = "Check Pods Manifest.lock";
			outputPaths = (
			);
			runOnlyForDeploymentPostprocessing = 0;
			shellPath = /bin/sh;
			shellScript = "diff \"${PODS_ROOT}/../Podfile.lock\" \"${PODS_ROOT}/Manifest.lock\" > /dev/null\nif [[ $? != 0 ]] ; then\n    cat << EOM\nerror: The sandbox is not in sync with the Podfile.lock. Run 'pod install' or update your CocoaPods installation.\nEOM\n    exit 1\nfi\n";
			showEnvVarsInLog = 0;
		};
		B637BBBAB29E7538CD48A197 /* Copy Pods Resources */ = {
			isa = PBXShellScriptBuildPhase;
			buildActionMask = 2147483647;
			files = (
			);
			inputPaths = (
			);
			name = "Copy Pods Resources";
			outputPaths = (
			);
			runOnlyForDeploymentPostprocessing = 0;
			shellPath = /bin/sh;
			shellScript = "\"${SRCROOT}/Pods/Target Support Files/Pods/Pods-resources.sh\"\n";
			showEnvVarsInLog = 0;
		};
		B7F6773A1A9AF1FF00BB8765 /* ShellScript */ = {
			isa = PBXShellScriptBuildPhase;
			buildActionMask = 2147483647;
			files = (
			);
			inputPaths = (
			);
			outputPaths = (
			);
			runOnlyForDeploymentPostprocessing = 0;
			shellPath = /bin/sh;
			shellScript = "FILE=\"${SRCROOT}/HockeySDK-iOS/BuildAgent\"\nif [ -f \"$FILE\" ]; then\n\"$FILE\"\nfi";
		};
/* End PBXShellScriptBuildPhase section */

/* Begin PBXSourcesBuildPhase section */
		B7154E101A5FAAD0007D12AD /* Sources */ = {
			isa = PBXSourcesBuildPhase;
			buildActionMask = 2147483647;
			files = (
				B766CD281A9605D500A03EAB /* VideosViewController.m in Sources */,
				B7F5AE2C1A95EA0C007D898F /* SpeakersViewController.m in Sources */,
				B7F5AE2B1A95EA0C007D898F /* SpeakerDetailsViewController.m in Sources */,
				B7154E201A5FAAD0007D12AD /* GatewayConference.xcdatamodeld in Sources */,
				B7154E531A5FB62A007D12AD /* GCSharedClass.m in Sources */,
				B7F5AE2E1A95EA0C007D898F /* SurveyViewController.m in Sources */,
				B7154E1D1A5FAAD0007D12AD /* AppDelegate.m in Sources */,
				B766CD201A95FED400A03EAB /* SlideViewController.m in Sources */,
				B7F5AE271A95EA0C007D898F /* HomeViewController.m in Sources */,
				B7F5AE2D1A95EA0C007D898F /* SponsorsViewController.m in Sources */,
				B71448A01A97099400F4CF39 /* MainViewCell.m in Sources */,
				B7F5AE141A95EA0C007D898F /* GCModel.m in Sources */,
				B7F5AE2A1A95EA0C007D898F /* SessionsViewController.m in Sources */,
				B7F5AE261A95EA0C007D898F /* AttendiesListViewController.m in Sources */,
				B766CD271A9605D500A03EAB /* FAQViewController.m in Sources */,
				B7F5AE161A95EA0C007D898F /* PopOverViewController.m in Sources */,
				B7154E1A1A5FAAD0007D12AD /* main.m in Sources */,
				B71448A61A970A3B00F4CF39 /* VideosCellTableViewCell.m in Sources */,
				B71448AF1A9734F100F4CF39 /* VideoplayerViewController.m in Sources */,
				B7F5AE151A95EA0C007D898F /* POIViewController.m in Sources */,
				B5B842BF1A97387200A20E7B /* FAQTableViewCell.m in Sources */,
				B7154E471A5FB09D007D12AD /* AppConstants.m in Sources */,
			);
			runOnlyForDeploymentPostprocessing = 0;
		};
		B7154E2C1A5FAAD0007D12AD /* Sources */ = {
			isa = PBXSourcesBuildPhase;
			buildActionMask = 2147483647;
			files = (
				B7154E371A5FAAD0007D12AD /* GatewayConferenceTests.m in Sources */,
			);
			runOnlyForDeploymentPostprocessing = 0;
		};
/* End PBXSourcesBuildPhase section */

/* Begin PBXTargetDependency section */
		B7154E321A5FAAD0007D12AD /* PBXTargetDependency */ = {
			isa = PBXTargetDependency;
			target = B7154E131A5FAAD0007D12AD /* GatewayConference */;
			targetProxy = B7154E311A5FAAD0007D12AD /* PBXContainerItemProxy */;
		};
/* End PBXTargetDependency section */

/* Begin PBXVariantGroup section */
		B7154E241A5FAAD0007D12AD /* Main.storyboard */ = {
			isa = PBXVariantGroup;
			children = (
				B7154E251A5FAAD0007D12AD /* Base */,
			);
			name = Main.storyboard;
			sourceTree = "<group>";
		};
		B7154E291A5FAAD0007D12AD /* LaunchScreen.xib */ = {
			isa = PBXVariantGroup;
			children = (
				B7154E2A1A5FAAD0007D12AD /* Base */,
			);
			name = LaunchScreen.xib;
			sourceTree = "<group>";
		};
/* End PBXVariantGroup section */

/* Begin XCBuildConfiguration section */
		B7154E381A5FAAD0007D12AD /* Debug */ = {
			isa = XCBuildConfiguration;
			buildSettings = {
				ALWAYS_SEARCH_USER_PATHS = NO;
				CLANG_CXX_LANGUAGE_STANDARD = "gnu++0x";
				CLANG_CXX_LIBRARY = "libc++";
				CLANG_ENABLE_MODULES = YES;
				CLANG_ENABLE_OBJC_ARC = YES;
				CLANG_WARN_BOOL_CONVERSION = YES;
				CLANG_WARN_CONSTANT_CONVERSION = YES;
				CLANG_WARN_DIRECT_OBJC_ISA_USAGE = YES_ERROR;
				CLANG_WARN_EMPTY_BODY = YES;
				CLANG_WARN_ENUM_CONVERSION = YES;
				CLANG_WARN_INT_CONVERSION = YES;
				CLANG_WARN_OBJC_ROOT_CLASS = YES_ERROR;
				CLANG_WARN_UNREACHABLE_CODE = YES;
				CLANG_WARN__DUPLICATE_METHOD_MATCH = YES;
				CODE_SIGN_IDENTITY = "iPhone Developer: Ravi Surathu (HJD5E9GNT7)";
				"CODE_SIGN_IDENTITY[sdk=iphoneos*]" = "iPhone Developer: Ravi Surathu (HJD5E9GNT7)";
				COPY_PHASE_STRIP = NO;
				ENABLE_STRICT_OBJC_MSGSEND = YES;
				GCC_C_LANGUAGE_STANDARD = gnu99;
				GCC_DYNAMIC_NO_PIC = NO;
				GCC_OPTIMIZATION_LEVEL = 0;
				GCC_PREPROCESSOR_DEFINITIONS = (
					"DEBUG=1",
					"$(inherited)",
				);
				GCC_SYMBOLS_PRIVATE_EXTERN = NO;
				GCC_WARN_64_TO_32_BIT_CONVERSION = YES;
				GCC_WARN_ABOUT_RETURN_TYPE = YES_ERROR;
				GCC_WARN_UNDECLARED_SELECTOR = YES;
				GCC_WARN_UNINITIALIZED_AUTOS = YES_AGGRESSIVE;
				GCC_WARN_UNUSED_FUNCTION = YES;
				GCC_WARN_UNUSED_VARIABLE = YES;
				IPHONEOS_DEPLOYMENT_TARGET = 7.1;
				MTL_ENABLE_DEBUG_INFO = YES;
				ONLY_ACTIVE_ARCH = YES;
				PROVISIONING_PROFILE = "5dbf998d-98da-4b3a-9bd0-d23a2206a504";
				SDKROOT = iphoneos;
				TARGETED_DEVICE_FAMILY = "1,2";
			};
			name = Debug;
		};
		B7154E391A5FAAD0007D12AD /* Release */ = {
			isa = XCBuildConfiguration;
			buildSettings = {
				ALWAYS_SEARCH_USER_PATHS = NO;
				CLANG_CXX_LANGUAGE_STANDARD = "gnu++0x";
				CLANG_CXX_LIBRARY = "libc++";
				CLANG_ENABLE_MODULES = YES;
				CLANG_ENABLE_OBJC_ARC = YES;
				CLANG_WARN_BOOL_CONVERSION = YES;
				CLANG_WARN_CONSTANT_CONVERSION = YES;
				CLANG_WARN_DIRECT_OBJC_ISA_USAGE = YES_ERROR;
				CLANG_WARN_EMPTY_BODY = YES;
				CLANG_WARN_ENUM_CONVERSION = YES;
				CLANG_WARN_INT_CONVERSION = YES;
				CLANG_WARN_OBJC_ROOT_CLASS = YES_ERROR;
				CLANG_WARN_UNREACHABLE_CODE = YES;
				CLANG_WARN__DUPLICATE_METHOD_MATCH = YES;
				CODE_SIGN_IDENTITY = "iPhone Developer: Ravi Surathu (HJD5E9GNT7)";
				"CODE_SIGN_IDENTITY[sdk=iphoneos*]" = "iPhone Developer: Ravi Surathu (HJD5E9GNT7)";
				COPY_PHASE_STRIP = YES;
				ENABLE_NS_ASSERTIONS = NO;
				ENABLE_STRICT_OBJC_MSGSEND = YES;
				GCC_C_LANGUAGE_STANDARD = gnu99;
				GCC_WARN_64_TO_32_BIT_CONVERSION = YES;
				GCC_WARN_ABOUT_RETURN_TYPE = YES_ERROR;
				GCC_WARN_UNDECLARED_SELECTOR = YES;
				GCC_WARN_UNINITIALIZED_AUTOS = YES_AGGRESSIVE;
				GCC_WARN_UNUSED_FUNCTION = YES;
				GCC_WARN_UNUSED_VARIABLE = YES;
				IPHONEOS_DEPLOYMENT_TARGET = 7.1;
				MTL_ENABLE_DEBUG_INFO = NO;
				PROVISIONING_PROFILE = "5dbf998d-98da-4b3a-9bd0-d23a2206a504";
				SDKROOT = iphoneos;
				TARGETED_DEVICE_FAMILY = "1,2";
				VALIDATE_PRODUCT = YES;
			};
			name = Release;
		};
		B7154E3B1A5FAAD0007D12AD /* Debug */ = {
			isa = XCBuildConfiguration;
			baseConfigurationReference = 0D6D92A0A38A91BBB19AC42A /* Pods.debug.xcconfig */;
			buildSettings = {
				ASSETCATALOG_COMPILER_APPICON_NAME = AppIcon;
				CODE_SIGN_IDENTITY = "iPhone Developer: Ravi Surathu (HJD5E9GNT7)";
				"CODE_SIGN_IDENTITY[sdk=iphoneos*]" = "iPhone Developer: Ravi Surathu (HJD5E9GNT7)";
				FRAMEWORK_SEARCH_PATHS = (
					"$(inherited)",
					"$(PROJECT_DIR)/GatewayConference/STV",
					3.3.0,
					Pro/Static,
					Frameworks,
				);
				GCC_PREFIX_HEADER = "GatewayConference/GatewayConference-Prefix.pch";
				INFOPLIST_FILE = GatewayConference/Info.plist;
				IPHONEOS_DEPLOYMENT_TARGET = 6.0;
				LD_RUNPATH_SEARCH_PATHS = "$(inherited) @executable_path/Frameworks";
				LIBRARY_SEARCH_PATHS = (
					"$(inherited)",
					"$(PROJECT_DIR)/GatewayConference/Vuforia/build/lib/arm",
				);
				PRODUCT_NAME = "$(TARGET_NAME)";
				PROVISIONING_PROFILE = "5dbf998d-98da-4b3a-9bd0-d23a2206a504";
				TARGETED_DEVICE_FAMILY = "1,2";
			};
			name = Debug;
		};
		B7154E3C1A5FAAD0007D12AD /* Release */ = {
			isa = XCBuildConfiguration;
			baseConfigurationReference = 2AA38805CC4A2C5574697FBF /* Pods.release.xcconfig */;
			buildSettings = {
				ASSETCATALOG_COMPILER_APPICON_NAME = AppIcon;
				CODE_SIGN_IDENTITY = "iPhone Developer: Ravi Surathu (HJD5E9GNT7)";
				"CODE_SIGN_IDENTITY[sdk=iphoneos*]" = "iPhone Developer: Ravi Surathu (HJD5E9GNT7)";
				FRAMEWORK_SEARCH_PATHS = (
					"$(inherited)",
					"$(PROJECT_DIR)/GatewayConference/STV",
					3.3.0,
					Pro/Static,
					Frameworks,
				);
				GCC_PREFIX_HEADER = "GatewayConference/GatewayConference-Prefix.pch";
				INFOPLIST_FILE = GatewayConference/Info.plist;
				IPHONEOS_DEPLOYMENT_TARGET = 6.0;
				LD_RUNPATH_SEARCH_PATHS = "$(inherited) @executable_path/Frameworks";
				LIBRARY_SEARCH_PATHS = (
					"$(inherited)",
					"$(PROJECT_DIR)/GatewayConference/Vuforia/build/lib/arm",
				);
				PRODUCT_NAME = "$(TARGET_NAME)";
				PROVISIONING_PROFILE = "5dbf998d-98da-4b3a-9bd0-d23a2206a504";
				TARGETED_DEVICE_FAMILY = "1,2";
			};
			name = Release;
		};
		B7154E3E1A5FAAD0007D12AD /* Debug */ = {
			isa = XCBuildConfiguration;
			buildSettings = {
				BUNDLE_LOADER = "$(TEST_HOST)";
				CODE_SIGN_IDENTITY = "iPhone Developer";
				"CODE_SIGN_IDENTITY[sdk=iphoneos*]" = "iPhone Developer";
				FRAMEWORK_SEARCH_PATHS = (
					"$(SDKROOT)/Developer/Library/Frameworks",
					"$(inherited)",
				);
				GCC_PREPROCESSOR_DEFINITIONS = (
					"DEBUG=1",
					"$(inherited)",
				);
				INFOPLIST_FILE = GatewayConferenceTests/Info.plist;
				LD_RUNPATH_SEARCH_PATHS = "$(inherited) @executable_path/Frameworks @loader_path/Frameworks";
				PRODUCT_NAME = "$(TARGET_NAME)";
				PROVISIONING_PROFILE = "";
				TEST_HOST = "$(BUILT_PRODUCTS_DIR)/GatewayConference.app/GatewayConference";
			};
			name = Debug;
		};
		B7154E3F1A5FAAD0007D12AD /* Release */ = {
			isa = XCBuildConfiguration;
			buildSettings = {
				BUNDLE_LOADER = "$(TEST_HOST)";
				CODE_SIGN_IDENTITY = "iPhone Developer";
				"CODE_SIGN_IDENTITY[sdk=iphoneos*]" = "iPhone Developer";
				FRAMEWORK_SEARCH_PATHS = (
					"$(SDKROOT)/Developer/Library/Frameworks",
					"$(inherited)",
				);
				INFOPLIST_FILE = GatewayConferenceTests/Info.plist;
				LD_RUNPATH_SEARCH_PATHS = "$(inherited) @executable_path/Frameworks @loader_path/Frameworks";
				PRODUCT_NAME = "$(TARGET_NAME)";
				PROVISIONING_PROFILE = "";
				TEST_HOST = "$(BUILT_PRODUCTS_DIR)/GatewayConference.app/GatewayConference";
			};
			name = Release;
		};
/* End XCBuildConfiguration section */

/* Begin XCConfigurationList section */
		B7154E0F1A5FAAD0007D12AD /* Build configuration list for PBXProject "GatewayConference" */ = {
			isa = XCConfigurationList;
			buildConfigurations = (
				B7154E381A5FAAD0007D12AD /* Debug */,
				B7154E391A5FAAD0007D12AD /* Release */,
			);
			defaultConfigurationIsVisible = 0;
			defaultConfigurationName = Release;
		};
		B7154E3A1A5FAAD0007D12AD /* Build configuration list for PBXNativeTarget "GatewayConference" */ = {
			isa = XCConfigurationList;
			buildConfigurations = (
				B7154E3B1A5FAAD0007D12AD /* Debug */,
				B7154E3C1A5FAAD0007D12AD /* Release */,
			);
			defaultConfigurationIsVisible = 0;
			defaultConfigurationName = Release;
		};
		B7154E3D1A5FAAD0007D12AD /* Build configuration list for PBXNativeTarget "GatewayConferenceTests" */ = {
			isa = XCConfigurationList;
			buildConfigurations = (
				B7154E3E1A5FAAD0007D12AD /* Debug */,
				B7154E3F1A5FAAD0007D12AD /* Release */,
			);
			defaultConfigurationIsVisible = 0;
			defaultConfigurationName = Release;
		};
/* End XCConfigurationList section */

/* Begin XCVersionGroup section */
		B7154E1E1A5FAAD0007D12AD /* GatewayConference.xcdatamodeld */ = {
			isa = XCVersionGroup;
			children = (
				B7154E1F1A5FAAD0007D12AD /* GatewayConference.xcdatamodel */,
			);
			currentVersion = B7154E1F1A5FAAD0007D12AD /* GatewayConference.xcdatamodel */;
			path = GatewayConference.xcdatamodeld;
			sourceTree = "<group>";
			versionGroupType = wrapper.xcdatamodel;
		};
/* End XCVersionGroup section */
	};
	rootObject = B7154E0C1A5FAAD0007D12AD /* Project object */;
}
