// !$*UTF8*$!
{
	archiveVersion = 1;
	classes = {
	};
	objectVersion = 46;
	objects = {

/* Begin PBXBuildFile section */
		6F08BABD14A8EF6900ACD106 /* back_items.png in Resources */ = {isa = PBXBuildFile; fileRef = 6F08BABC14A8EF6900ACD106 /* back_items.png */; };
		6F08BAC414A8F90800ACD106 /* backsplitter_items.png in Resources */ = {isa = PBXBuildFile; fileRef = 6F08BAC314A8F90800ACD106 /* backsplitter_items.png */; };
		6F0E1680149A07070095AB83 /* UIKit.framework in Frameworks */ = {isa = PBXBuildFile; fileRef = 6F0E167F149A07070095AB83 /* UIKit.framework */; };
		6F0E1682149A07070095AB83 /* Foundation.framework in Frameworks */ = {isa = PBXBuildFile; fileRef = 6F0E1681149A07070095AB83 /* Foundation.framework */; };
		6F0E1684149A07070095AB83 /* CoreGraphics.framework in Frameworks */ = {isa = PBXBuildFile; fileRef = 6F0E1683149A07070095AB83 /* CoreGraphics.framework */; };
		6F0E168A149A07070095AB83 /* InfoPlist.strings in Resources */ = {isa = PBXBuildFile; fileRef = 6F0E1688149A07070095AB83 /* InfoPlist.strings */; };
		6F0E168C149A07070095AB83 /* main.m in Sources */ = {isa = PBXBuildFile; fileRef = 6F0E168B149A07070095AB83 /* main.m */; };
		6F0E1690149A07070095AB83 /* AppDelegate.m in Sources */ = {isa = PBXBuildFile; fileRef = 6F0E168F149A07070095AB83 /* AppDelegate.m */; };
		6F0E16A3149A083D0095AB83 /* SplitView.xib in Resources */ = {isa = PBXBuildFile; fileRef = 6F0E16A2149A083D0095AB83 /* SplitView.xib */; };
		6F0E16A6149A08460095AB83 /* SplitViewController.m in Sources */ = {isa = PBXBuildFile; fileRef = 6F0E16A5149A08460095AB83 /* SplitViewController.m */; };
		6F0E16A9149A08CA0095AB83 /* MyImageView.m in Sources */ = {isa = PBXBuildFile; fileRef = 6F0E16A8149A08CA0095AB83 /* MyImageView.m */; };
		6F0E16AF149A0B6C0095AB83 /* MainMenuViewController.m in Sources */ = {isa = PBXBuildFile; fileRef = 6F0E16AE149A0B6C0095AB83 /* MainMenuViewController.m */; };
		6F0E16B6149A0C820095AB83 /* DetailViewController.m in Sources */ = {isa = PBXBuildFile; fileRef = 6F0E16B4149A0C810095AB83 /* DetailViewController.m */; };
		6F0E16B7149A0C820095AB83 /* DetailView.xib in Resources */ = {isa = PBXBuildFile; fileRef = 6F0E16B5149A0C820095AB83 /* DetailView.xib */; };
		6F0E16BD149A178D0095AB83 /* MenuViewController.m in Sources */ = {isa = PBXBuildFile; fileRef = 6F0E16BC149A178D0095AB83 /* MenuViewController.m */; };
		6F37916714AA1E52007F3C0D /* ToolbarSplitView.xib in Resources */ = {isa = PBXBuildFile; fileRef = 6F37916614AA1E52007F3C0D /* ToolbarSplitView.xib */; };
		6F6353CA14A8C40400C63FB7 /* NavigationMenuViewController.m in Sources */ = {isa = PBXBuildFile; fileRef = 6F6353C914A8C40400C63FB7 /* NavigationMenuViewController.m */; };
/* End PBXBuildFile section */

/* Begin PBXFileReference section */
		6F08BABC14A8EF6900ACD106 /* back_items.png */ = {isa = PBXFileReference; lastKnownFileType = image.png; path = back_items.png; sourceTree = "<group>"; };
		6F08BAC314A8F90800ACD106 /* backsplitter_items.png */ = {isa = PBXFileReference; lastKnownFileType = image.png; path = backsplitter_items.png; sourceTree = "<group>"; };
		6F0E167B149A07070095AB83 /* SplitViewControllerTestProject.app */ = {isa = PBXFileReference; explicitFileType = wrapper.application; includeInIndex = 0; path = SplitViewControllerTestProject.app; sourceTree = BUILT_PRODUCTS_DIR; };
		6F0E167F149A07070095AB83 /* UIKit.framework */ = {isa = PBXFileReference; lastKnownFileType = wrapper.framework; name = UIKit.framework; path = System/Library/Frameworks/UIKit.framework; sourceTree = SDKROOT; };
		6F0E1681149A07070095AB83 /* Foundation.framework */ = {isa = PBXFileReference; lastKnownFileType = wrapper.framework; name = Foundation.framework; path = System/Library/Frameworks/Foundation.framework; sourceTree = SDKROOT; };
		6F0E1683149A07070095AB83 /* CoreGraphics.framework */ = {isa = PBXFileReference; lastKnownFileType = wrapper.framework; name = CoreGraphics.framework; path = System/Library/Frameworks/CoreGraphics.framework; sourceTree = SDKROOT; };
		6F0E1687149A07070095AB83 /* SplitViewControllerTestProject-Info.plist */ = {isa = PBXFileReference; lastKnownFileType = text.plist.xml; path = "SplitViewControllerTestProject-Info.plist"; sourceTree = "<group>"; };
		6F0E1689149A07070095AB83 /* en */ = {isa = PBXFileReference; lastKnownFileType = text.plist.strings; name = en; path = en.lproj/InfoPlist.strings; sourceTree = "<group>"; };
		6F0E168B149A07070095AB83 /* main.m */ = {isa = PBXFileReference; lastKnownFileType = sourcecode.c.objc; path = main.m; sourceTree = "<group>"; };
		6F0E168D149A07070095AB83 /* SplitViewControllerTestProject-Prefix.pch */ = {isa = PBXFileReference; lastKnownFileType = sourcecode.c.h; path = "SplitViewControllerTestProject-Prefix.pch"; sourceTree = "<group>"; };
		6F0E168E149A07070095AB83 /* AppDelegate.h */ = {isa = PBXFileReference; lastKnownFileType = sourcecode.c.h; path = AppDelegate.h; sourceTree = "<group>"; };
		6F0E168F149A07070095AB83 /* AppDelegate.m */ = {isa = PBXFileReference; lastKnownFileType = sourcecode.c.objc; path = AppDelegate.m; sourceTree = "<group>"; };
		6F0E16A2149A083D0095AB83 /* SplitView.xib */ = {isa = PBXFileReference; fileEncoding = 4; lastKnownFileType = file.xib; name = SplitView.xib; path = SplitViewController/SplitView.xib; sourceTree = "<group>"; };
		6F0E16A4149A08460095AB83 /* SplitViewController.h */ = {isa = PBXFileReference; fileEncoding = 4; lastKnownFileType = sourcecode.c.h; name = SplitViewController.h; path = SplitViewController/Classes/SplitViewController.h; sourceTree = "<group>"; };
		6F0E16A5149A08460095AB83 /* SplitViewController.m */ = {isa = PBXFileReference; fileEncoding = 4; lastKnownFileType = sourcecode.c.objc; name = SplitViewController.m; path = SplitViewController/Classes/SplitViewController.m; sourceTree = "<group>"; };
		6F0E16A7149A08CA0095AB83 /* MyImageView.h */ = {isa = PBXFileReference; fileEncoding = 4; lastKnownFileType = sourcecode.c.h; name = MyImageView.h; path = SplitViewController/Classes/MyImageView.h; sourceTree = "<group>"; };
		6F0E16A8149A08CA0095AB83 /* MyImageView.m */ = {isa = PBXFileReference; fileEncoding = 4; lastKnownFileType = sourcecode.c.objc; name = MyImageView.m; path = SplitViewController/Classes/MyImageView.m; sourceTree = "<group>"; };
		6F0E16AD149A0B6B0095AB83 /* MainMenuViewController.h */ = {isa = PBXFileReference; fileEncoding = 4; lastKnownFileType = sourcecode.c.h; path = MainMenuViewController.h; sourceTree = "<group>"; };
		6F0E16AE149A0B6C0095AB83 /* MainMenuViewController.m */ = {isa = PBXFileReference; fileEncoding = 4; lastKnownFileType = sourcecode.c.objc; path = MainMenuViewController.m; sourceTree = "<group>"; };
		6F0E16B3149A0C810095AB83 /* DetailViewController.h */ = {isa = PBXFileReference; fileEncoding = 4; lastKnownFileType = sourcecode.c.h; path = DetailViewController.h; sourceTree = "<group>"; };
		6F0E16B4149A0C810095AB83 /* DetailViewController.m */ = {isa = PBXFileReference; fileEncoding = 4; lastKnownFileType = sourcecode.c.objc; path = DetailViewController.m; sourceTree = "<group>"; };
		6F0E16B5149A0C820095AB83 /* DetailView.xib */ = {isa = PBXFileReference; fileEncoding = 4; lastKnownFileType = file.xib; path = DetailView.xib; sourceTree = "<group>"; };
		6F0E16BB149A178C0095AB83 /* MenuViewController.h */ = {isa = PBXFileReference; fileEncoding = 4; lastKnownFileType = sourcecode.c.h; path = MenuViewController.h; sourceTree = "<group>"; };
		6F0E16BC149A178D0095AB83 /* MenuViewController.m */ = {isa = PBXFileReference; fileEncoding = 4; lastKnownFileType = sourcecode.c.objc; path = MenuViewController.m; sourceTree = "<group>"; };
		6F37916614AA1E52007F3C0D /* ToolbarSplitView.xib */ = {isa = PBXFileReference; fileEncoding = 4; lastKnownFileType = file.xib; path = ToolbarSplitView.xib; sourceTree = "<group>"; };
		6F6353C814A8C40400C63FB7 /* NavigationMenuViewController.h */ = {isa = PBXFileReference; fileEncoding = 4; lastKnownFileType = sourcecode.c.h; path = NavigationMenuViewController.h; sourceTree = "<group>"; };
		6F6353C914A8C40400C63FB7 /* NavigationMenuViewController.m */ = {isa = PBXFileReference; fileEncoding = 4; lastKnownFileType = sourcecode.c.objc; path = NavigationMenuViewController.m; sourceTree = "<group>"; };
/* End PBXFileReference section */

/* Begin PBXFrameworksBuildPhase section */
		6F0E1678149A07070095AB83 /* Frameworks */ = {
			isa = PBXFrameworksBuildPhase;
			buildActionMask = 2147483647;
			files = (
				6F0E1680149A07070095AB83 /* UIKit.framework in Frameworks */,
				6F0E1682149A07070095AB83 /* Foundation.framework in Frameworks */,
				6F0E1684149A07070095AB83 /* CoreGraphics.framework in Frameworks */,
			);
			runOnlyForDeploymentPostprocessing = 0;
		};
/* End PBXFrameworksBuildPhase section */

/* Begin PBXGroup section */
		6F0E1670149A07070095AB83 = {
			isa = PBXGroup;
			children = (
				6F0E1685149A07070095AB83 /* SplitViewControllerTestProject */,
				6F0E167E149A07070095AB83 /* Frameworks */,
				6F0E167C149A07070095AB83 /* Products */,
			);
			sourceTree = "<group>";
		};
		6F0E167C149A07070095AB83 /* Products */ = {
			isa = PBXGroup;
			children = (
				6F0E167B149A07070095AB83 /* SplitViewControllerTestProject.app */,
			);
			name = Products;
			sourceTree = "<group>";
		};
		6F0E167E149A07070095AB83 /* Frameworks */ = {
			isa = PBXGroup;
			children = (
				6F0E167F149A07070095AB83 /* UIKit.framework */,
				6F0E1681149A07070095AB83 /* Foundation.framework */,
				6F0E1683149A07070095AB83 /* CoreGraphics.framework */,
			);
			name = Frameworks;
			sourceTree = "<group>";
		};
		6F0E1685149A07070095AB83 /* SplitViewControllerTestProject */ = {
			isa = PBXGroup;
			children = (
				6F0E169A149A07E60095AB83 /* SplitViewController */,
				6F0E168E149A07070095AB83 /* AppDelegate.h */,
				6F0E168F149A07070095AB83 /* AppDelegate.m */,
				6F0E1686149A07070095AB83 /* Supporting Files */,
				6F0E16AD149A0B6B0095AB83 /* MainMenuViewController.h */,
				6F0E16AE149A0B6C0095AB83 /* MainMenuViewController.m */,
				6F0E16B3149A0C810095AB83 /* DetailViewController.h */,
				6F0E16B4149A0C810095AB83 /* DetailViewController.m */,
				6F0E16BB149A178C0095AB83 /* MenuViewController.h */,
				6F0E16BC149A178D0095AB83 /* MenuViewController.m */,
				6F6353C814A8C40400C63FB7 /* NavigationMenuViewController.h */,
				6F6353C914A8C40400C63FB7 /* NavigationMenuViewController.m */,
			);
			path = SplitViewControllerTestProject;
			sourceTree = "<group>";
		};
		6F0E1686149A07070095AB83 /* Supporting Files */ = {
			isa = PBXGroup;
			children = (
				6F08BAC314A8F90800ACD106 /* backsplitter_items.png */,
				6F08BABC14A8EF6900ACD106 /* back_items.png */,
				6F0E169F149A08140095AB83 /* SplitViewController */,
				6F0E1687149A07070095AB83 /* SplitViewControllerTestProject-Info.plist */,
				6F0E1688149A07070095AB83 /* InfoPlist.strings */,
				6F0E168B149A07070095AB83 /* main.m */,
				6F0E168D149A07070095AB83 /* SplitViewControllerTestProject-Prefix.pch */,
				6F0E16B5149A0C820095AB83 /* DetailView.xib */,
				6F37916614AA1E52007F3C0D /* ToolbarSplitView.xib */,
			);
			name = "Supporting Files";
			sourceTree = "<group>";
		};
		6F0E169A149A07E60095AB83 /* SplitViewController */ = {
			isa = PBXGroup;
			children = (
				6F0E16A7149A08CA0095AB83 /* MyImageView.h */,
				6F0E16A8149A08CA0095AB83 /* MyImageView.m */,
				6F0E16A4149A08460095AB83 /* SplitViewController.h */,
				6F0E16A5149A08460095AB83 /* SplitViewController.m */,
			);
			name = SplitViewController;
			sourceTree = "<group>";
		};
		6F0E169F149A08140095AB83 /* SplitViewController */ = {
			isa = PBXGroup;
			children = (
				6F0E16A2149A083D0095AB83 /* SplitView.xib */,
			);
			name = SplitViewController;
			sourceTree = "<group>";
		};
/* End PBXGroup section */

/* Begin PBXNativeTarget section */
		6F0E167A149A07070095AB83 /* SplitViewControllerTestProject */ = {
			isa = PBXNativeTarget;
			buildConfigurationList = 6F0E1693149A07070095AB83 /* Build configuration list for PBXNativeTarget "SplitViewControllerTestProject" */;
			buildPhases = (
				6F0E1677149A07070095AB83 /* Sources */,
				6F0E1678149A07070095AB83 /* Frameworks */,
				6F0E1679149A07070095AB83 /* Resources */,
			);
			buildRules = (
			);
			dependencies = (
			);
			name = SplitViewControllerTestProject;
			productName = SplitViewControllerTestProject;
			productReference = 6F0E167B149A07070095AB83 /* SplitViewControllerTestProject.app */;
			productType = "com.apple.product-type.application";
		};
/* End PBXNativeTarget section */

/* Begin PBXProject section */
		6F0E1672149A07070095AB83 /* Project object */ = {
			isa = PBXProject;
			attributes = {
				LastUpgradeCheck = 0420;
			};
			buildConfigurationList = 6F0E1675149A07070095AB83 /* Build configuration list for PBXProject "SplitViewControllerTestProject" */;
			compatibilityVersion = "Xcode 3.2";
			developmentRegion = English;
			hasScannedForEncodings = 0;
			knownRegions = (
				en,
			);
			mainGroup = 6F0E1670149A07070095AB83;
			productRefGroup = 6F0E167C149A07070095AB83 /* Products */;
			projectDirPath = "";
			projectRoot = "";
			targets = (
				6F0E167A149A07070095AB83 /* SplitViewControllerTestProject */,
			);
		};
/* End PBXProject section */

/* Begin PBXResourcesBuildPhase section */
		6F0E1679149A07070095AB83 /* Resources */ = {
			isa = PBXResourcesBuildPhase;
			buildActionMask = 2147483647;
			files = (
				6F0E168A149A07070095AB83 /* InfoPlist.strings in Resources */,
				6F0E16A3149A083D0095AB83 /* SplitView.xib in Resources */,
				6F0E16B7149A0C820095AB83 /* DetailView.xib in Resources */,
				6F08BABD14A8EF6900ACD106 /* back_items.png in Resources */,
				6F08BAC414A8F90800ACD106 /* backsplitter_items.png in Resources */,
				6F37916714AA1E52007F3C0D /* ToolbarSplitView.xib in Resources */,
			);
			runOnlyForDeploymentPostprocessing = 0;
		};
/* End PBXResourcesBuildPhase section */

/* Begin PBXSourcesBuildPhase section */
		6F0E1677149A07070095AB83 /* Sources */ = {
			isa = PBXSourcesBuildPhase;
			buildActionMask = 2147483647;
			files = (
				6F0E168C149A07070095AB83 /* main.m in Sources */,
				6F0E1690149A07070095AB83 /* AppDelegate.m in Sources */,
				6F0E16A6149A08460095AB83 /* SplitViewController.m in Sources */,
				6F0E16A9149A08CA0095AB83 /* MyImageView.m in Sources */,
				6F0E16AF149A0B6C0095AB83 /* MainMenuViewController.m in Sources */,
				6F0E16B6149A0C820095AB83 /* DetailViewController.m in Sources */,
				6F0E16BD149A178D0095AB83 /* MenuViewController.m in Sources */,
				6F6353CA14A8C40400C63FB7 /* NavigationMenuViewController.m in Sources */,
			);
			runOnlyForDeploymentPostprocessing = 0;
		};
/* End PBXSourcesBuildPhase section */

/* Begin PBXVariantGroup section */
		6F0E1688149A07070095AB83 /* InfoPlist.strings */ = {
			isa = PBXVariantGroup;
			children = (
				6F0E1689149A07070095AB83 /* en */,
			);
			name = InfoPlist.strings;
			sourceTree = "<group>";
		};
/* End PBXVariantGroup section */

/* Begin XCBuildConfiguration section */
		6F0E1691149A07070095AB83 /* Debug */ = {
			isa = XCBuildConfiguration;
			buildSettings = {
				ALWAYS_SEARCH_USER_PATHS = NO;
				ARCHS = "$(ARCHS_STANDARD_32_BIT)";
				"CODE_SIGN_IDENTITY[sdk=iphoneos*]" = "iPhone Developer";
				COPY_PHASE_STRIP = NO;
				GCC_C_LANGUAGE_STANDARD = gnu99;
				GCC_DYNAMIC_NO_PIC = NO;
				GCC_OPTIMIZATION_LEVEL = 0;
				GCC_PREPROCESSOR_DEFINITIONS = (
					"DEBUG=1",
					"$(inherited)",
				);
				GCC_SYMBOLS_PRIVATE_EXTERN = NO;
				GCC_VERSION = com.apple.compilers.llvm.clang.1_0;
				GCC_WARN_ABOUT_MISSING_PROTOTYPES = YES;
				GCC_WARN_ABOUT_RETURN_TYPE = YES;
				GCC_WARN_UNUSED_VARIABLE = YES;
				IPHONEOS_DEPLOYMENT_TARGET = 5.0;
				SDKROOT = iphoneos;
				TARGETED_DEVICE_FAMILY = 2;
			};
			name = Debug;
		};
		6F0E1692149A07070095AB83 /* Release */ = {
			isa = XCBuildConfiguration;
			buildSettings = {
				ALWAYS_SEARCH_USER_PATHS = NO;
				ARCHS = "$(ARCHS_STANDARD_32_BIT)";
				"CODE_SIGN_IDENTITY[sdk=iphoneos*]" = "iPhone Developer";
				COPY_PHASE_STRIP = YES;
				GCC_C_LANGUAGE_STANDARD = gnu99;
				GCC_VERSION = com.apple.compilers.llvm.clang.1_0;
				GCC_WARN_ABOUT_MISSING_PROTOTYPES = YES;
				GCC_WARN_ABOUT_RETURN_TYPE = YES;
				GCC_WARN_UNUSED_VARIABLE = YES;
				IPHONEOS_DEPLOYMENT_TARGET = 5.0;
				OTHER_CFLAGS = "-DNS_BLOCK_ASSERTIONS=1";
				SDKROOT = iphoneos;
				TARGETED_DEVICE_FAMILY = 2;
				VALIDATE_PRODUCT = YES;
			};
			name = Release;
		};
		6F0E1694149A07070095AB83 /* Debug */ = {
			isa = XCBuildConfiguration;
			buildSettings = {
				GCC_PRECOMPILE_PREFIX_HEADER = YES;
				GCC_PREFIX_HEADER = "SplitViewControllerTestProject/SplitViewControllerTestProject-Prefix.pch";
				INFOPLIST_FILE = "SplitViewControllerTestProject/SplitViewControllerTestProject-Info.plist";
				IPHONEOS_DEPLOYMENT_TARGET = 4.0;
				PRODUCT_NAME = "$(TARGET_NAME)";
				WRAPPER_EXTENSION = app;
			};
			name = Debug;
		};
		6F0E1695149A07070095AB83 /* Release */ = {
			isa = XCBuildConfiguration;
			buildSettings = {
				GCC_PRECOMPILE_PREFIX_HEADER = YES;
				GCC_PREFIX_HEADER = "SplitViewControllerTestProject/SplitViewControllerTestProject-Prefix.pch";
				INFOPLIST_FILE = "SplitViewControllerTestProject/SplitViewControllerTestProject-Info.plist";
				IPHONEOS_DEPLOYMENT_TARGET = 4.0;
				PRODUCT_NAME = "$(TARGET_NAME)";
				WRAPPER_EXTENSION = app;
			};
			name = Release;
		};
/* End XCBuildConfiguration section */

/* Begin XCConfigurationList section */
		6F0E1675149A07070095AB83 /* Build configuration list for PBXProject "SplitViewControllerTestProject" */ = {
			isa = XCConfigurationList;
			buildConfigurations = (
				6F0E1691149A07070095AB83 /* Debug */,
				6F0E1692149A07070095AB83 /* Release */,
			);
			defaultConfigurationIsVisible = 0;
			defaultConfigurationName = Release;
		};
		6F0E1693149A07070095AB83 /* Build configuration list for PBXNativeTarget "SplitViewControllerTestProject" */ = {
			isa = XCConfigurationList;
			buildConfigurations = (
				6F0E1694149A07070095AB83 /* Debug */,
				6F0E1695149A07070095AB83 /* Release */,
			);
			defaultConfigurationIsVisible = 0;
			defaultConfigurationName = Release;
		};
/* End XCConfigurationList section */
	};
	rootObject = 6F0E1672149A07070095AB83 /* Project object */;
}
