// !$*UTF8*$!
{
	archiveVersion = 1;
	classes = {
	};
	objectVersion = 46;
	objects = {

/* Begin PBXAggregateTarget section */
		DBE737E014FC69300076D2B6 /* Framework */ = {
			isa = PBXAggregateTarget;
			buildConfigurationList = DBE737E114FC69300076D2B6 /* Build configuration list for PBXAggregateTarget "Framework" */;
			buildPhases = (
				DBE737E614FC693F0076D2B6 /* ShellScript */,
			);
			dependencies = (
				DBE737E514FC693A0076D2B6 /* PBXTargetDependency */,
			);
			name = Framework;
			productName = Framework;
		};
/* End PBXAggregateTarget section */

/* Begin PBXBuildFile section */
		DB0296281529479E005F07BD /* SCCoreDataForceLinkerToIncludeCategories.h in Headers */ = {isa = PBXBuildFile; fileRef = DB0296261529479E005F07BD /* SCCoreDataForceLinkerToIncludeCategories.h */; };
		DB0296291529479E005F07BD /* SCCoreDataForceLinkerToIncludeCategories.m in Sources */ = {isa = PBXBuildFile; fileRef = DB0296271529479E005F07BD /* SCCoreDataForceLinkerToIncludeCategories.m */; };
		DB42421C1532E7DD0067868F /* SensibleTableView.framework in Frameworks */ = {isa = PBXBuildFile; fileRef = DB42421B1532E7DD0067868F /* SensibleTableView.framework */; };
		DBE22B7B15095C5B0081FB81 /* SCCoreDataFetchOptions.h in Headers */ = {isa = PBXBuildFile; fileRef = DBE22B7915095C5B0081FB81 /* SCCoreDataFetchOptions.h */; settings = {ATTRIBUTES = (Public, ); }; };
		DBE22B7C15095C5B0081FB81 /* SCCoreDataFetchOptions.m in Sources */ = {isa = PBXBuildFile; fileRef = DBE22B7A15095C5B0081FB81 /* SCCoreDataFetchOptions.m */; };
		DBE737C814FC66D40076D2B6 /* Foundation.framework in Frameworks */ = {isa = PBXBuildFile; fileRef = DBE737C714FC66D40076D2B6 /* Foundation.framework */; };
		DBE737D914FC67E10076D2B6 /* SCEntityDefinition.h in Headers */ = {isa = PBXBuildFile; fileRef = DBE737D414FC67E10076D2B6 /* SCEntityDefinition.h */; settings = {ATTRIBUTES = (Public, ); }; };
		DBE737DA14FC67E10076D2B6 /* SCEntityDefinition.m in Sources */ = {isa = PBXBuildFile; fileRef = DBE737D514FC67E10076D2B6 /* SCEntityDefinition.m */; };
		DBE737DB14FC67E10076D2B6 /* SCObjectSelectionAttributes+CoreData.h in Headers */ = {isa = PBXBuildFile; fileRef = DBE737D614FC67E10076D2B6 /* SCObjectSelectionAttributes+CoreData.h */; settings = {ATTRIBUTES = (Public, ); }; };
		DBE737DC14FC67E10076D2B6 /* SCObjectSelectionAttributes+CoreData.m in Sources */ = {isa = PBXBuildFile; fileRef = DBE737D714FC67E10076D2B6 /* SCObjectSelectionAttributes+CoreData.m */; };
		DBE737DD14FC67E10076D2B6 /* STV+CoreData.h in Headers */ = {isa = PBXBuildFile; fileRef = DBE737D814FC67E10076D2B6 /* STV+CoreData.h */; settings = {ATTRIBUTES = (Public, ); }; };
		DBE7382514FCBBED0076D2B6 /* SCArrayOfObjectsCell+CoreData.h in Headers */ = {isa = PBXBuildFile; fileRef = DBE7382314FCBBEC0076D2B6 /* SCArrayOfObjectsCell+CoreData.h */; settings = {ATTRIBUTES = (Public, ); }; };
		DBE7382614FCBBED0076D2B6 /* SCArrayOfObjectsCell+CoreData.m in Sources */ = {isa = PBXBuildFile; fileRef = DBE7382414FCBBED0076D2B6 /* SCArrayOfObjectsCell+CoreData.m */; };
		DBE7383B14FD87E40076D2B6 /* SCCoreDataStore.h in Headers */ = {isa = PBXBuildFile; fileRef = DBE7383914FD87E30076D2B6 /* SCCoreDataStore.h */; settings = {ATTRIBUTES = (Public, ); }; };
		DBE7383C14FD87E40076D2B6 /* SCCoreDataStore.m in Sources */ = {isa = PBXBuildFile; fileRef = DBE7383A14FD87E30076D2B6 /* SCCoreDataStore.m */; };
		DBE738631501FA1C0076D2B6 /* SCArrayOfObjectsSection+CoreData.h in Headers */ = {isa = PBXBuildFile; fileRef = DBE738611501FA1B0076D2B6 /* SCArrayOfObjectsSection+CoreData.h */; settings = {ATTRIBUTES = (Public, ); }; };
		DBE738641501FA1C0076D2B6 /* SCArrayOfObjectsSection+CoreData.m in Sources */ = {isa = PBXBuildFile; fileRef = DBE738621501FA1C0076D2B6 /* SCArrayOfObjectsSection+CoreData.m */; };
		DBE7386915048A960076D2B6 /* SCArrayOfObjectsModel+CoreData.h in Headers */ = {isa = PBXBuildFile; fileRef = DBE7386715048A950076D2B6 /* SCArrayOfObjectsModel+CoreData.h */; settings = {ATTRIBUTES = (Public, ); }; };
		DBE7386A15048A960076D2B6 /* SCArrayOfObjectsModel+CoreData.m in Sources */ = {isa = PBXBuildFile; fileRef = DBE7386815048A950076D2B6 /* SCArrayOfObjectsModel+CoreData.m */; };
/* End PBXBuildFile section */

/* Begin PBXContainerItemProxy section */
		DBE737E414FC693A0076D2B6 /* PBXContainerItemProxy */ = {
			isa = PBXContainerItemProxy;
			containerPortal = DBE737BB14FC66D40076D2B6 /* Project object */;
			proxyType = 1;
			remoteGlobalIDString = DBE737C314FC66D40076D2B6;
			remoteInfo = "STV+CoreData";
		};
/* End PBXContainerItemProxy section */

/* Begin PBXFileReference section */
		DB0296261529479E005F07BD /* SCCoreDataForceLinkerToIncludeCategories.h */ = {isa = PBXFileReference; fileEncoding = 4; lastKnownFileType = sourcecode.c.h; path = SCCoreDataForceLinkerToIncludeCategories.h; sourceTree = "<group>"; };
		DB0296271529479E005F07BD /* SCCoreDataForceLinkerToIncludeCategories.m */ = {isa = PBXFileReference; fileEncoding = 4; lastKnownFileType = sourcecode.c.objc; path = SCCoreDataForceLinkerToIncludeCategories.m; sourceTree = "<group>"; };
		DB42421B1532E7DD0067868F /* SensibleTableView.framework */ = {isa = PBXFileReference; lastKnownFileType = wrapper.framework; name = SensibleTableView.framework; path = "../SensibleTableView/build/SensibleTableView/Build/Products/Debug-iphoneos/SensibleTableView.framework"; sourceTree = "<group>"; };
		DBE22B7915095C5B0081FB81 /* SCCoreDataFetchOptions.h */ = {isa = PBXFileReference; fileEncoding = 4; lastKnownFileType = sourcecode.c.h; path = SCCoreDataFetchOptions.h; sourceTree = "<group>"; };
		DBE22B7A15095C5B0081FB81 /* SCCoreDataFetchOptions.m */ = {isa = PBXFileReference; fileEncoding = 4; lastKnownFileType = sourcecode.c.objc; path = SCCoreDataFetchOptions.m; sourceTree = "<group>"; };
		DBE737C414FC66D40076D2B6 /* libSTV+CoreData.a */ = {isa = PBXFileReference; explicitFileType = archive.ar; includeInIndex = 0; path = "libSTV+CoreData.a"; sourceTree = BUILT_PRODUCTS_DIR; };
		DBE737C714FC66D40076D2B6 /* Foundation.framework */ = {isa = PBXFileReference; lastKnownFileType = wrapper.framework; name = Foundation.framework; path = System/Library/Frameworks/Foundation.framework; sourceTree = SDKROOT; };
		DBE737CB14FC66D40076D2B6 /* STV+CoreData-Prefix.pch */ = {isa = PBXFileReference; lastKnownFileType = sourcecode.c.h; path = "STV+CoreData-Prefix.pch"; sourceTree = "<group>"; };
		DBE737D414FC67E10076D2B6 /* SCEntityDefinition.h */ = {isa = PBXFileReference; fileEncoding = 4; lastKnownFileType = sourcecode.c.h; path = SCEntityDefinition.h; sourceTree = "<group>"; };
		DBE737D514FC67E10076D2B6 /* SCEntityDefinition.m */ = {isa = PBXFileReference; fileEncoding = 4; lastKnownFileType = sourcecode.c.objc; path = SCEntityDefinition.m; sourceTree = "<group>"; };
		DBE737D614FC67E10076D2B6 /* SCObjectSelectionAttributes+CoreData.h */ = {isa = PBXFileReference; fileEncoding = 4; lastKnownFileType = sourcecode.c.h; path = "SCObjectSelectionAttributes+CoreData.h"; sourceTree = "<group>"; };
		DBE737D714FC67E10076D2B6 /* SCObjectSelectionAttributes+CoreData.m */ = {isa = PBXFileReference; fileEncoding = 4; lastKnownFileType = sourcecode.c.objc; path = "SCObjectSelectionAttributes+CoreData.m"; sourceTree = "<group>"; };
		DBE737D814FC67E10076D2B6 /* STV+CoreData.h */ = {isa = PBXFileReference; fileEncoding = 4; lastKnownFileType = sourcecode.c.h; path = "STV+CoreData.h"; sourceTree = "<group>"; };
		DBE7382314FCBBEC0076D2B6 /* SCArrayOfObjectsCell+CoreData.h */ = {isa = PBXFileReference; fileEncoding = 4; lastKnownFileType = sourcecode.c.h; path = "SCArrayOfObjectsCell+CoreData.h"; sourceTree = "<group>"; };
		DBE7382414FCBBED0076D2B6 /* SCArrayOfObjectsCell+CoreData.m */ = {isa = PBXFileReference; fileEncoding = 4; lastKnownFileType = sourcecode.c.objc; path = "SCArrayOfObjectsCell+CoreData.m"; sourceTree = "<group>"; };
		DBE7383914FD87E30076D2B6 /* SCCoreDataStore.h */ = {isa = PBXFileReference; fileEncoding = 4; lastKnownFileType = sourcecode.c.h; path = SCCoreDataStore.h; sourceTree = "<group>"; };
		DBE7383A14FD87E30076D2B6 /* SCCoreDataStore.m */ = {isa = PBXFileReference; fileEncoding = 4; lastKnownFileType = sourcecode.c.objc; path = SCCoreDataStore.m; sourceTree = "<group>"; };
		DBE738611501FA1B0076D2B6 /* SCArrayOfObjectsSection+CoreData.h */ = {isa = PBXFileReference; fileEncoding = 4; lastKnownFileType = sourcecode.c.h; path = "SCArrayOfObjectsSection+CoreData.h"; sourceTree = "<group>"; };
		DBE738621501FA1C0076D2B6 /* SCArrayOfObjectsSection+CoreData.m */ = {isa = PBXFileReference; fileEncoding = 4; lastKnownFileType = sourcecode.c.objc; path = "SCArrayOfObjectsSection+CoreData.m"; sourceTree = "<group>"; };
		DBE7386715048A950076D2B6 /* SCArrayOfObjectsModel+CoreData.h */ = {isa = PBXFileReference; fileEncoding = 4; lastKnownFileType = sourcecode.c.h; path = "SCArrayOfObjectsModel+CoreData.h"; sourceTree = "<group>"; };
		DBE7386815048A950076D2B6 /* SCArrayOfObjectsModel+CoreData.m */ = {isa = PBXFileReference; fileEncoding = 4; lastKnownFileType = sourcecode.c.objc; path = "SCArrayOfObjectsModel+CoreData.m"; sourceTree = "<group>"; };
/* End PBXFileReference section */

/* Begin PBXFrameworksBuildPhase section */
		DBE737C114FC66D40076D2B6 /* Frameworks */ = {
			isa = PBXFrameworksBuildPhase;
			buildActionMask = 2147483647;
			files = (
				DBE737C814FC66D40076D2B6 /* Foundation.framework in Frameworks */,
				DB42421C1532E7DD0067868F /* SensibleTableView.framework in Frameworks */,
			);
			runOnlyForDeploymentPostprocessing = 0;
		};
/* End PBXFrameworksBuildPhase section */

/* Begin PBXGroup section */
		DBE737B914FC66D40076D2B6 = {
			isa = PBXGroup;
			children = (
				DBE737C914FC66D40076D2B6 /* STV+CoreData */,
				DBE737C614FC66D40076D2B6 /* Frameworks */,
				DBE737C514FC66D40076D2B6 /* Products */,
			);
			sourceTree = "<group>";
		};
		DBE737C514FC66D40076D2B6 /* Products */ = {
			isa = PBXGroup;
			children = (
				DBE737C414FC66D40076D2B6 /* libSTV+CoreData.a */,
			);
			name = Products;
			sourceTree = "<group>";
		};
		DBE737C614FC66D40076D2B6 /* Frameworks */ = {
			isa = PBXGroup;
			children = (
				DB42421B1532E7DD0067868F /* SensibleTableView.framework */,
				DBE737C714FC66D40076D2B6 /* Foundation.framework */,
			);
			name = Frameworks;
			sourceTree = "<group>";
		};
		DBE737C914FC66D40076D2B6 /* STV+CoreData */ = {
			isa = PBXGroup;
			children = (
				DBE737D814FC67E10076D2B6 /* STV+CoreData.h */,
				DBE737D414FC67E10076D2B6 /* SCEntityDefinition.h */,
				DBE737D514FC67E10076D2B6 /* SCEntityDefinition.m */,
				DBE22B7915095C5B0081FB81 /* SCCoreDataFetchOptions.h */,
				DBE22B7A15095C5B0081FB81 /* SCCoreDataFetchOptions.m */,
				DBE7383914FD87E30076D2B6 /* SCCoreDataStore.h */,
				DBE7383A14FD87E30076D2B6 /* SCCoreDataStore.m */,
				DBE737DE14FC68020076D2B6 /* Categories */,
				DBE737CA14FC66D40076D2B6 /* Supporting Files */,
			);
			path = "STV+CoreData";
			sourceTree = "<group>";
		};
		DBE737CA14FC66D40076D2B6 /* Supporting Files */ = {
			isa = PBXGroup;
			children = (
				DBE737CB14FC66D40076D2B6 /* STV+CoreData-Prefix.pch */,
			);
			name = "Supporting Files";
			sourceTree = "<group>";
		};
		DBE737DE14FC68020076D2B6 /* Categories */ = {
			isa = PBXGroup;
			children = (
				DBE737D614FC67E10076D2B6 /* SCObjectSelectionAttributes+CoreData.h */,
				DBE737D714FC67E10076D2B6 /* SCObjectSelectionAttributes+CoreData.m */,
				DBE7382314FCBBEC0076D2B6 /* SCArrayOfObjectsCell+CoreData.h */,
				DBE7382414FCBBED0076D2B6 /* SCArrayOfObjectsCell+CoreData.m */,
				DBE738611501FA1B0076D2B6 /* SCArrayOfObjectsSection+CoreData.h */,
				DBE738621501FA1C0076D2B6 /* SCArrayOfObjectsSection+CoreData.m */,
				DBE7386715048A950076D2B6 /* SCArrayOfObjectsModel+CoreData.h */,
				DBE7386815048A950076D2B6 /* SCArrayOfObjectsModel+CoreData.m */,
				DB0296261529479E005F07BD /* SCCoreDataForceLinkerToIncludeCategories.h */,
				DB0296271529479E005F07BD /* SCCoreDataForceLinkerToIncludeCategories.m */,
			);
			name = Categories;
			sourceTree = "<group>";
		};
/* End PBXGroup section */

/* Begin PBXHeadersBuildPhase section */
		DBE737C214FC66D40076D2B6 /* Headers */ = {
			isa = PBXHeadersBuildPhase;
			buildActionMask = 2147483647;
			files = (
				DBE737D914FC67E10076D2B6 /* SCEntityDefinition.h in Headers */,
				DBE737DB14FC67E10076D2B6 /* SCObjectSelectionAttributes+CoreData.h in Headers */,
				DBE737DD14FC67E10076D2B6 /* STV+CoreData.h in Headers */,
				DBE7382514FCBBED0076D2B6 /* SCArrayOfObjectsCell+CoreData.h in Headers */,
				DBE7383B14FD87E40076D2B6 /* SCCoreDataStore.h in Headers */,
				DBE738631501FA1C0076D2B6 /* SCArrayOfObjectsSection+CoreData.h in Headers */,
				DBE7386915048A960076D2B6 /* SCArrayOfObjectsModel+CoreData.h in Headers */,
				DBE22B7B15095C5B0081FB81 /* SCCoreDataFetchOptions.h in Headers */,
				DB0296281529479E005F07BD /* SCCoreDataForceLinkerToIncludeCategories.h in Headers */,
			);
			runOnlyForDeploymentPostprocessing = 0;
		};
/* End PBXHeadersBuildPhase section */

/* Begin PBXNativeTarget section */
		DBE737C314FC66D40076D2B6 /* STV+CoreData */ = {
			isa = PBXNativeTarget;
			buildConfigurationList = DBE737D114FC66D40076D2B6 /* Build configuration list for PBXNativeTarget "STV+CoreData" */;
			buildPhases = (
				DBE737C014FC66D40076D2B6 /* Sources */,
				DBE737C114FC66D40076D2B6 /* Frameworks */,
				DBE737C214FC66D40076D2B6 /* Headers */,
				DBE737DF14FC691A0076D2B6 /* ShellScript */,
			);
			buildRules = (
			);
			dependencies = (
			);
			name = "STV+CoreData";
			productName = "STV+CoreData";
			productReference = DBE737C414FC66D40076D2B6 /* libSTV+CoreData.a */;
			productType = "com.apple.product-type.library.static";
		};
/* End PBXNativeTarget section */

/* Begin PBXProject section */
		DBE737BB14FC66D40076D2B6 /* Project object */ = {
			isa = PBXProject;
			attributes = {
				LastUpgradeCheck = 0460;
				ORGANIZATIONNAME = "Sensible Cocoa";
			};
			buildConfigurationList = DBE737BE14FC66D40076D2B6 /* Build configuration list for PBXProject "STV+CoreData" */;
			compatibilityVersion = "Xcode 3.2";
			developmentRegion = English;
			hasScannedForEncodings = 0;
			knownRegions = (
				en,
			);
			mainGroup = DBE737B914FC66D40076D2B6;
			productRefGroup = DBE737C514FC66D40076D2B6 /* Products */;
			projectDirPath = "";
			projectRoot = "";
			targets = (
				DBE737C314FC66D40076D2B6 /* STV+CoreData */,
				DBE737E014FC69300076D2B6 /* Framework */,
			);
		};
/* End PBXProject section */

/* Begin PBXShellScriptBuildPhase section */
		DBE737DF14FC691A0076D2B6 /* ShellScript */ = {
			isa = PBXShellScriptBuildPhase;
			buildActionMask = 2147483647;
			files = (
			);
			inputPaths = (
			);
			outputPaths = (
			);
			runOnlyForDeploymentPostprocessing = 0;
			shellPath = /bin/sh;
			shellScript = "# Special thanks goes to Jeff Verkoeyen (jeffverkoeyen.com) for providing this script.\n\nset -e\n\nmkdir -p \"${BUILT_PRODUCTS_DIR}/${PRODUCT_NAME}.framework/Versions/A\"\n\nln -sf A \"${BUILT_PRODUCTS_DIR}/${PRODUCT_NAME}.framework/Versions/Current\"\nln -sf Versions/Current/Headers \"${BUILT_PRODUCTS_DIR}/${PRODUCT_NAME}.framework/Headers\"\nln -sf \"Versions/Current/${PRODUCT_NAME}\" \"${BUILT_PRODUCTS_DIR}/${PRODUCT_NAME}.framework/${PRODUCT_NAME}\"\nmkdir -p \"${BUILT_PRODUCTS_DIR}/${PRODUCT_NAME}.framework/Versions/A/Headers\"\n\n# The -a ensures that the headers maintain the source modification date so that we don't constantly\n# cause propagating rebuilds of files that import these headers.\ncp -a \"${TARGET_BUILD_DIR}/${PUBLIC_HEADERS_FOLDER_PATH}/\" \"${BUILT_PRODUCTS_DIR}/${PRODUCT_NAME}.framework/Versions/A/Headers\"\n";
		};
		DBE737E614FC693F0076D2B6 /* ShellScript */ = {
			isa = PBXShellScriptBuildPhase;
			buildActionMask = 2147483647;
			files = (
			);
			inputPaths = (
			);
			outputPaths = (
			);
			runOnlyForDeploymentPostprocessing = 0;
			shellPath = /bin/sh;
			shellScript = "# Special thanks goes to Jeff Verkoeyen (jeffverkoeyen.com) for providing this script.\n\nset -e\nset +u\n# Avoid recursively calling this script.\nif [[ $SF_MASTER_SCRIPT_RUNNING ]]\nthen\nexit 0\nfi\nset -u\nexport SF_MASTER_SCRIPT_RUNNING=1\n\nSF_TARGET_NAME=${PROJECT_NAME}\nSF_EXECUTABLE_PATH=\"lib${SF_TARGET_NAME}.a\"\nSF_WRAPPER_NAME=\"${SF_TARGET_NAME}.framework\"\n\nif [[ \"$SDK_NAME\" =~ ([A-Za-z]+) ]]\nthen\nSF_SDK_PLATFORM=${BASH_REMATCH[1]}\nelse\necho \"Could not find platform name from SDK_NAME: $SDK_NAME\"\nexit 1\nfi\n\nif [[ \"$SDK_NAME\" =~ ([0-9]+.*$) ]]\nthen\nSF_SDK_VERSION=${BASH_REMATCH[1]}\nelse\necho \"Could not find sdk version from SDK_NAME: $SDK_NAME\"\nexit 1\nfi\n\nif [[ \"$SF_SDK_PLATFORM\" = \"iphoneos\" ]]\nthen\nSF_OTHER_PLATFORM=iphonesimulator\nSF_ARCHS=i386\nelse\nSF_OTHER_PLATFORM=iphoneos\n# Force armv6 to be built because Xcode 4 likes to only build armv7\nSF_ARCHS=\"armv6 armv7 armv7s arm64\"\nfi\n\nif [[ \"$BUILT_PRODUCTS_DIR\" =~ (.*)$SF_SDK_PLATFORM$ ]]\nthen\nSF_OTHER_BUILT_PRODUCTS_DIR=\"${BASH_REMATCH[1]}${SF_OTHER_PLATFORM}\"\nelse\necho \"Could not find platform name from build products directory: $BUILT_PRODUCTS_DIR\"\nexit 1\nfi\n\n# Build the other platform.\nxcodebuild -project \"${PROJECT_FILE_PATH}\" -target \"${TARGET_NAME}\" -configuration \"${CONFIGURATION}\" -sdk ${SF_OTHER_PLATFORM}${SF_SDK_VERSION} BUILD_DIR=\"${BUILD_DIR}\" CONFIGURATION_TEMP_DIR=\"${PROJECT_TEMP_DIR}/${CONFIGURATION}-${SF_OTHER_PLATFORM}\" ARCHS=\"${SF_ARCHS}\" $ACTION\n\n# Smash the two static libraries into one fat binary and store it in the .framework\nlipo -create \"${BUILT_PRODUCTS_DIR}/${SF_EXECUTABLE_PATH}\" \"${SF_OTHER_BUILT_PRODUCTS_DIR}/${SF_EXECUTABLE_PATH}\" -output \"${BUILT_PRODUCTS_DIR}/${SF_WRAPPER_NAME}/Versions/A/${SF_TARGET_NAME}\"\n\n";
		};
/* End PBXShellScriptBuildPhase section */

/* Begin PBXSourcesBuildPhase section */
		DBE737C014FC66D40076D2B6 /* Sources */ = {
			isa = PBXSourcesBuildPhase;
			buildActionMask = 2147483647;
			files = (
				DBE737DA14FC67E10076D2B6 /* SCEntityDefinition.m in Sources */,
				DBE737DC14FC67E10076D2B6 /* SCObjectSelectionAttributes+CoreData.m in Sources */,
				DBE7382614FCBBED0076D2B6 /* SCArrayOfObjectsCell+CoreData.m in Sources */,
				DBE7383C14FD87E40076D2B6 /* SCCoreDataStore.m in Sources */,
				DBE738641501FA1C0076D2B6 /* SCArrayOfObjectsSection+CoreData.m in Sources */,
				DBE7386A15048A960076D2B6 /* SCArrayOfObjectsModel+CoreData.m in Sources */,
				DBE22B7C15095C5B0081FB81 /* SCCoreDataFetchOptions.m in Sources */,
				DB0296291529479E005F07BD /* SCCoreDataForceLinkerToIncludeCategories.m in Sources */,
			);
			runOnlyForDeploymentPostprocessing = 0;
		};
/* End PBXSourcesBuildPhase section */

/* Begin PBXTargetDependency section */
		DBE737E514FC693A0076D2B6 /* PBXTargetDependency */ = {
			isa = PBXTargetDependency;
			target = DBE737C314FC66D40076D2B6 /* STV+CoreData */;
			targetProxy = DBE737E414FC693A0076D2B6 /* PBXContainerItemProxy */;
		};
/* End PBXTargetDependency section */

/* Begin XCBuildConfiguration section */
		DBE737CF14FC66D40076D2B6 /* Debug */ = {
			isa = XCBuildConfiguration;
			buildSettings = {
				ALWAYS_SEARCH_USER_PATHS = NO;
				ARCHS = "$(ARCHS_STANDARD_INCLUDING_64_BIT)";
				CLANG_ENABLE_OBJC_ARC = YES;
				CLANG_STATIC_ANALYZER_MODE = deep;
				CLANG_WARN_CONSTANT_CONVERSION = YES;
				CLANG_WARN_ENUM_CONVERSION = YES;
				CLANG_WARN_INT_CONVERSION = YES;
				CLANG_WARN__DUPLICATE_METHOD_MATCH = YES;
				COPY_PHASE_STRIP = NO;
				DEAD_CODE_STRIPPING = NO;
				GCC_C_LANGUAGE_STANDARD = gnu99;
				GCC_DYNAMIC_NO_PIC = NO;
				GCC_OPTIMIZATION_LEVEL = 0;
				GCC_PREPROCESSOR_DEFINITIONS = (
					"DEBUG=1",
					"$(inherited)",
				);
				GCC_SYMBOLS_PRIVATE_EXTERN = NO;
				GCC_VERSION = com.apple.compilers.llvm.clang.1_0;
				GCC_WARN_ABOUT_RETURN_TYPE = YES;
				GCC_WARN_UNINITIALIZED_AUTOS = YES;
				GCC_WARN_UNUSED_VARIABLE = YES;
				IPHONEOS_DEPLOYMENT_TARGET = 6.0;
				PUBLIC_HEADERS_FOLDER_PATH = Headers;
				RUN_CLANG_STATIC_ANALYZER = YES;
				SDKROOT = iphoneos;
				STRIP_STYLE = "non-global";
			};
			name = Debug;
		};
		DBE737D014FC66D40076D2B6 /* Release */ = {
			isa = XCBuildConfiguration;
			buildSettings = {
				ALWAYS_SEARCH_USER_PATHS = NO;
				ARCHS = "$(ARCHS_STANDARD_INCLUDING_64_BIT)";
				CLANG_ENABLE_OBJC_ARC = YES;
				CLANG_STATIC_ANALYZER_MODE = deep;
				CLANG_WARN_CONSTANT_CONVERSION = YES;
				CLANG_WARN_ENUM_CONVERSION = YES;
				CLANG_WARN_INT_CONVERSION = YES;
				CLANG_WARN__DUPLICATE_METHOD_MATCH = YES;
				COPY_PHASE_STRIP = NO;
				DEAD_CODE_STRIPPING = NO;
				GCC_C_LANGUAGE_STANDARD = gnu99;
				GCC_VERSION = com.apple.compilers.llvm.clang.1_0;
				GCC_WARN_ABOUT_RETURN_TYPE = YES;
				GCC_WARN_UNINITIALIZED_AUTOS = YES;
				GCC_WARN_UNUSED_VARIABLE = YES;
				IPHONEOS_DEPLOYMENT_TARGET = 6.0;
				PUBLIC_HEADERS_FOLDER_PATH = Headers;
				RUN_CLANG_STATIC_ANALYZER = YES;
				SDKROOT = iphoneos;
				STRIP_STYLE = "non-global";
				VALIDATE_PRODUCT = YES;
			};
			name = Release;
		};
		DBE737D214FC66D40076D2B6 /* Debug */ = {
			isa = XCBuildConfiguration;
			buildSettings = {
				COPY_PHASE_STRIP = NO;
				DEAD_CODE_STRIPPING = NO;
				DSTROOT = /tmp/STV_CoreData.dst;
				FRAMEWORK_SEARCH_PATHS = (
					"$(inherited)",
					"\"$(SRCROOT)/../SensibleTableView/build/SensibleTableView/Build/Products/Debug-iphoneos\"",
				);
				GCC_PRECOMPILE_PREFIX_HEADER = YES;
				GCC_PREFIX_HEADER = "STV+CoreData/STV+CoreData-Prefix.pch";
				GCC_VERSION = "";
				IPHONEOS_DEPLOYMENT_TARGET = 6.0;
				OTHER_LDFLAGS = "-ObjC";
				PRODUCT_NAME = "$(TARGET_NAME)";
				SKIP_INSTALL = YES;
				STRIP_STYLE = "non-global";
			};
			name = Debug;
		};
		DBE737D314FC66D40076D2B6 /* Release */ = {
			isa = XCBuildConfiguration;
			buildSettings = {
				COPY_PHASE_STRIP = NO;
				DEAD_CODE_STRIPPING = NO;
				DSTROOT = /tmp/STV_CoreData.dst;
				FRAMEWORK_SEARCH_PATHS = (
					"$(inherited)",
					"\"$(SRCROOT)/../SensibleTableView/build/SensibleTableView/Build/Products/Debug-iphoneos\"",
				);
				GCC_PRECOMPILE_PREFIX_HEADER = YES;
				GCC_PREFIX_HEADER = "STV+CoreData/STV+CoreData-Prefix.pch";
				GCC_VERSION = "";
				IPHONEOS_DEPLOYMENT_TARGET = 6.0;
				OTHER_LDFLAGS = "-ObjC";
				PRODUCT_NAME = "$(TARGET_NAME)";
				SKIP_INSTALL = YES;
				STRIP_STYLE = "non-global";
			};
			name = Release;
		};
		DBE737E214FC69300076D2B6 /* Debug */ = {
			isa = XCBuildConfiguration;
			buildSettings = {
				PRODUCT_NAME = "$(TARGET_NAME)";
			};
			name = Debug;
		};
		DBE737E314FC69300076D2B6 /* Release */ = {
			isa = XCBuildConfiguration;
			buildSettings = {
				PRODUCT_NAME = "$(TARGET_NAME)";
			};
			name = Release;
		};
/* End XCBuildConfiguration section */

/* Begin XCConfigurationList section */
		DBE737BE14FC66D40076D2B6 /* Build configuration list for PBXProject "STV+CoreData" */ = {
			isa = XCConfigurationList;
			buildConfigurations = (
				DBE737CF14FC66D40076D2B6 /* Debug */,
				DBE737D014FC66D40076D2B6 /* Release */,
			);
			defaultConfigurationIsVisible = 0;
			defaultConfigurationName = Release;
		};
		DBE737D114FC66D40076D2B6 /* Build configuration list for PBXNativeTarget "STV+CoreData" */ = {
			isa = XCConfigurationList;
			buildConfigurations = (
				DBE737D214FC66D40076D2B6 /* Debug */,
				DBE737D314FC66D40076D2B6 /* Release */,
			);
			defaultConfigurationIsVisible = 0;
			defaultConfigurationName = Release;
		};
		DBE737E114FC69300076D2B6 /* Build configuration list for PBXAggregateTarget "Framework" */ = {
			isa = XCConfigurationList;
			buildConfigurations = (
				DBE737E214FC69300076D2B6 /* Debug */,
				DBE737E314FC69300076D2B6 /* Release */,
			);
			defaultConfigurationIsVisible = 0;
			defaultConfigurationName = Release;
		};
/* End XCConfigurationList section */
	};
	rootObject = DBE737BB14FC66D40076D2B6 /* Project object */;
}
